// !$*UTF8*$!
{
	archiveVersion = 1;
	classes = {
	};
	objectVersion = 46;
	objects = {

/* Begin PBXBuildFile section */
		410D4B161DF28B1000FFB0D8 /* NotificationTableViewCell.m in Sources */ = {isa = PBXBuildFile; fileRef = 410D4B0D1DF28B1000FFB0D8 /* NotificationTableViewCell.m */; };
		410D4B171DF28B1000FFB0D8 /* NotificationViewController.m in Sources */ = {isa = PBXBuildFile; fileRef = 410D4B0F1DF28B1000FFB0D8 /* NotificationViewController.m */; };
		410D4B181DF28B1000FFB0D8 /* InstructionTableViewCell.m in Sources */ = {isa = PBXBuildFile; fileRef = 410D4B131DF28B1000FFB0D8 /* InstructionTableViewCell.m */; };
		410D4B191DF28B1000FFB0D8 /* InstructionViewController.m in Sources */ = {isa = PBXBuildFile; fileRef = 410D4B151DF28B1000FFB0D8 /* InstructionViewController.m */; };
		410D4B1C1DF28B5800FFB0D8 /* ProfileViewController.m in Sources */ = {isa = PBXBuildFile; fileRef = 410D4B1B1DF28B5800FFB0D8 /* ProfileViewController.m */; };
		410D4B1F1DF28BFF00FFB0D8 /* PaymentViewController.m in Sources */ = {isa = PBXBuildFile; fileRef = 410D4B1E1DF28BFF00FFB0D8 /* PaymentViewController.m */; };
		410D4B221DF28CC900FFB0D8 /* ApplicationFormViewController.m in Sources */ = {isa = PBXBuildFile; fileRef = 410D4B211DF28CC900FFB0D8 /* ApplicationFormViewController.m */; };
		410D4B251DF28D8D00FFB0D8 /* AboutViewController.m in Sources */ = {isa = PBXBuildFile; fileRef = 410D4B241DF28D8D00FFB0D8 /* AboutViewController.m */; };
		410D4B281DF28DE900FFB0D8 /* AboutExamViewController.m in Sources */ = {isa = PBXBuildFile; fileRef = 410D4B271DF28DE900FFB0D8 /* AboutExamViewController.m */; };
		410D4B2B1DF28E2300FFB0D8 /* AnalysisViewController.m in Sources */ = {isa = PBXBuildFile; fileRef = 410D4B2A1DF28E2300FFB0D8 /* AnalysisViewController.m */; };
		4163DB881DF5495F00CCACCF /* HomeCollectionViewCell.m in Sources */ = {isa = PBXBuildFile; fileRef = 4163DB811DF5495F00CCACCF /* HomeCollectionViewCell.m */; };
		4163DB8B1DF5495F00CCACCF /* HomeViewController.m in Sources */ = {isa = PBXBuildFile; fileRef = 4163DB871DF5495F00CCACCF /* HomeViewController.m */; };
		4163DB921DF5499100CCACCF /* ForgotPassword.m in Sources */ = {isa = PBXBuildFile; fileRef = 4163DB911DF5499100CCACCF /* ForgotPassword.m */; };
		4163DB941DF5499E00CCACCF /* ForgotPassword.xib in Resources */ = {isa = PBXBuildFile; fileRef = 4163DB931DF5499E00CCACCF /* ForgotPassword.xib */; };
		4163DBB71DF57A0100CCACCF /* OpenSans-Bold.ttf in Resources */ = {isa = PBXBuildFile; fileRef = 4163DBB41DF57A0100CCACCF /* OpenSans-Bold.ttf */; };
		4163DBB81DF57A0100CCACCF /* OpenSans-Regular.ttf in Resources */ = {isa = PBXBuildFile; fileRef = 4163DBB51DF57A0100CCACCF /* OpenSans-Regular.ttf */; };
		4163DBB91DF57A0100CCACCF /* OpenSans-Semibold.ttf in Resources */ = {isa = PBXBuildFile; fileRef = 4163DBB61DF57A0100CCACCF /* OpenSans-Semibold.ttf */; };
		7F163D681DFD667E00A34AE9 /* libPaymentsSDK.a in Frameworks */ = {isa = PBXBuildFile; fileRef = 7F163D621DFD667E00A34AE9 /* libPaymentsSDK.a */; };
		B7E8D3CB1DD3AB45001F005C /* Other.storyboard in Resources */ = {isa = PBXBuildFile; fileRef = B7E8D3CA1DD3AB45001F005C /* Other.storyboard */; };
		CE0596BA1DB65E92001E62A9 /* GUITabPagerViewController.m in Sources */ = {isa = PBXBuildFile; fileRef = CE0596B71DB65E92001E62A9 /* GUITabPagerViewController.m */; };
		CE0596BB1DB65E92001E62A9 /* GUITabScrollView.m in Sources */ = {isa = PBXBuildFile; fileRef = CE0596B91DB65E92001E62A9 /* GUITabScrollView.m */; };
		CE0596C41DB6655E001E62A9 /* FFWebServiceHelper.m in Sources */ = {isa = PBXBuildFile; fileRef = CE0596C11DB6655E001E62A9 /* FFWebServiceHelper.m */; };
		CE0596C51DB6655E001E62A9 /* FFModelManager.m in Sources */ = {isa = PBXBuildFile; fileRef = CE0596C31DB6655E001E62A9 /* FFModelManager.m */; };
		CE0596DA1DB665B5001E62A9 /* AFHTTPRequestOperation.m in Sources */ = {isa = PBXBuildFile; fileRef = CE0596C81DB665B4001E62A9 /* AFHTTPRequestOperation.m */; };
		CE0596DB1DB665B5001E62A9 /* AFHTTPRequestOperationManager.m in Sources */ = {isa = PBXBuildFile; fileRef = CE0596CA1DB665B4001E62A9 /* AFHTTPRequestOperationManager.m */; };
		CE0596DC1DB665B5001E62A9 /* AFHTTPSessionManager.m in Sources */ = {isa = PBXBuildFile; fileRef = CE0596CC1DB665B4001E62A9 /* AFHTTPSessionManager.m */; };
		CE0596DD1DB665B5001E62A9 /* AFNetworkReachabilityManager.m in Sources */ = {isa = PBXBuildFile; fileRef = CE0596CF1DB665B4001E62A9 /* AFNetworkReachabilityManager.m */; };
		CE0596DE1DB665B5001E62A9 /* AFSecurityPolicy.m in Sources */ = {isa = PBXBuildFile; fileRef = CE0596D11DB665B5001E62A9 /* AFSecurityPolicy.m */; };
		CE0596DF1DB665B5001E62A9 /* AFURLConnectionOperation.m in Sources */ = {isa = PBXBuildFile; fileRef = CE0596D31DB665B5001E62A9 /* AFURLConnectionOperation.m */; };
		CE0596E01DB665B5001E62A9 /* AFURLRequestSerialization.m in Sources */ = {isa = PBXBuildFile; fileRef = CE0596D51DB665B5001E62A9 /* AFURLRequestSerialization.m */; };
		CE0596E11DB665B5001E62A9 /* AFURLResponseSerialization.m in Sources */ = {isa = PBXBuildFile; fileRef = CE0596D71DB665B5001E62A9 /* AFURLResponseSerialization.m */; };
		CE0596E21DB665B5001E62A9 /* AFURLSessionManager.m in Sources */ = {isa = PBXBuildFile; fileRef = CE0596D91DB665B5001E62A9 /* AFURLSessionManager.m */; };
		CE0596E61DB665D2001E62A9 /* Reachability.m in Sources */ = {isa = PBXBuildFile; fileRef = CE0596E51DB665D2001E62A9 /* Reachability.m */; };
		CE16DAE41DBA022400AB664C /* UITextField+Validation.m in Sources */ = {isa = PBXBuildFile; fileRef = CE16DAE31DBA022400AB664C /* UITextField+Validation.m */; };
		CE16DAE91DBA043500AB664C /* FFValidationResult.m in Sources */ = {isa = PBXBuildFile; fileRef = CE16DAE81DBA043500AB664C /* FFValidationResult.m */; };
		CE16DAF01DBB3D0300AB664C /* LeftMenuScenes.storyboard in Resources */ = {isa = PBXBuildFile; fileRef = CE16DAEF1DBB3D0300AB664C /* LeftMenuScenes.storyboard */; };
		CE16DAF31DBB423500AB664C /* TSMessagesDefaultDesign.json in Resources */ = {isa = PBXBuildFile; fileRef = CE16DAF21DBB423500AB664C /* TSMessagesDefaultDesign.json */; };
		CE16DAF51DBB426400AB664C /* Assets.xcassets in Resources */ = {isa = PBXBuildFile; fileRef = CE16DAF41DBB426400AB664C /* Assets.xcassets */; };
		CE16DAFD1DBB42FD00AB664C /* TSBlurView.m in Sources */ = {isa = PBXBuildFile; fileRef = CE16DAF81DBB42FD00AB664C /* TSBlurView.m */; };
		CE16DAFE1DBB42FD00AB664C /* TSMessage.m in Sources */ = {isa = PBXBuildFile; fileRef = CE16DAFA1DBB42FD00AB664C /* TSMessage.m */; };
		CE16DAFF1DBB42FD00AB664C /* TSMessageView.m in Sources */ = {isa = PBXBuildFile; fileRef = CE16DAFC1DBB42FD00AB664C /* TSMessageView.m */; };
		CE16DB031DBB6B2D00AB664C /* UIImageView+AFNetworking.m in Sources */ = {isa = PBXBuildFile; fileRef = CE16DB011DBB6B2D00AB664C /* UIImageView+AFNetworking.m */; };
		CE2B397E1DAE6D1F00B266E1 /* main.m in Sources */ = {isa = PBXBuildFile; fileRef = CE2B397D1DAE6D1F00B266E1 /* main.m */; };
		CE2B39811DAE6D1F00B266E1 /* AppDelegate.m in Sources */ = {isa = PBXBuildFile; fileRef = CE2B39801DAE6D1F00B266E1 /* AppDelegate.m */; };
		CE2B39871DAE6D1F00B266E1 /* Main.storyboard in Resources */ = {isa = PBXBuildFile; fileRef = CE2B39851DAE6D1F00B266E1 /* Main.storyboard */; };
		CE2B398C1DAE6D1F00B266E1 /* LaunchScreen.storyboard in Resources */ = {isa = PBXBuildFile; fileRef = CE2B398A1DAE6D1F00B266E1 /* LaunchScreen.storyboard */; };
		CE2B39A41DAE6F2D00B266E1 /* AbstractActionSheetPicker.m in Sources */ = {isa = PBXBuildFile; fileRef = CE2B39951DAE6F2D00B266E1 /* AbstractActionSheetPicker.m */; };
		CE2B39A51DAE6F2D00B266E1 /* ActionSheetStringPicker.m in Sources */ = {isa = PBXBuildFile; fileRef = CE2B39971DAE6F2D00B266E1 /* ActionSheetStringPicker.m */; };
		CE2B39A61DAE6F2D00B266E1 /* SWActionSheet.m in Sources */ = {isa = PBXBuildFile; fileRef = CE2B39991DAE6F2D00B266E1 /* SWActionSheet.m */; };
		CE2B39A71DAE6F2D00B266E1 /* MBProgressHUD.m in Sources */ = {isa = PBXBuildFile; fileRef = CE2B399C1DAE6F2D00B266E1 /* MBProgressHUD.m */; };
		CE2B39A81DAE6F2D00B266E1 /* RECommonFunctions.m in Sources */ = {isa = PBXBuildFile; fileRef = CE2B399F1DAE6F2D00B266E1 /* RECommonFunctions.m */; };
		CE2B39A91DAE6F2D00B266E1 /* RESideMenu.m in Sources */ = {isa = PBXBuildFile; fileRef = CE2B39A11DAE6F2D00B266E1 /* RESideMenu.m */; };
		CE2B39AA1DAE6F2D00B266E1 /* UIViewController+RESideMenu.m in Sources */ = {isa = PBXBuildFile; fileRef = CE2B39A31DAE6F2D00B266E1 /* UIViewController+RESideMenu.m */; };
		CE2B39B91DAE71CC00B266E1 /* TPKeyboardAvoidingCollectionView.m in Sources */ = {isa = PBXBuildFile; fileRef = CE2B39B21DAE71CC00B266E1 /* TPKeyboardAvoidingCollectionView.m */; };
		CE2B39BA1DAE71CC00B266E1 /* TPKeyboardAvoidingScrollView.m in Sources */ = {isa = PBXBuildFile; fileRef = CE2B39B41DAE71CC00B266E1 /* TPKeyboardAvoidingScrollView.m */; };
		CE2B39BB1DAE71CC00B266E1 /* TPKeyboardAvoidingTableView.m in Sources */ = {isa = PBXBuildFile; fileRef = CE2B39B61DAE71CC00B266E1 /* TPKeyboardAvoidingTableView.m */; };
		CE2B39BC1DAE71CC00B266E1 /* UIScrollView+TPKeyboardAvoidingAdditions.m in Sources */ = {isa = PBXBuildFile; fileRef = CE2B39B81DAE71CC00B266E1 /* UIScrollView+TPKeyboardAvoidingAdditions.m */; };
		CE2B39BF1DAE72AB00B266E1 /* LoginViewController.m in Sources */ = {isa = PBXBuildFile; fileRef = CE2B39BE1DAE72AB00B266E1 /* LoginViewController.m */; };
		CE2B39C21DAE736B00B266E1 /* RegisterViewController.m in Sources */ = {isa = PBXBuildFile; fileRef = CE2B39C11DAE736B00B266E1 /* RegisterViewController.m */; };
		CE2B39C81DAE7B7E00B266E1 /* Home.storyboard in Resources */ = {isa = PBXBuildFile; fileRef = CE2B39C71DAE7B7E00B266E1 /* Home.storyboard */; };
		CE2B39CB1DAE7BF300B266E1 /* FFLeftMenuViewController.m in Sources */ = {isa = PBXBuildFile; fileRef = CE2B39CA1DAE7BF300B266E1 /* FFLeftMenuViewController.m */; };
		CE2B39CE1DAE7D2C00B266E1 /* RootViewController.m in Sources */ = {isa = PBXBuildFile; fileRef = CE2B39CD1DAE7D2C00B266E1 /* RootViewController.m */; };
		CE2B39E71DAE7FCB00B266E1 /* CLLocationManager+blocks.m in Sources */ = {isa = PBXBuildFile; fileRef = CE2B39D21DAE7FCB00B266E1 /* CLLocationManager+blocks.m */; };
		CE2B39E91DAE7FCB00B266E1 /* NSString+device.m in Sources */ = {isa = PBXBuildFile; fileRef = CE2B39D61DAE7FCB00B266E1 /* NSString+device.m */; };
		CE2B39EA1DAE7FCB00B266E1 /* UIColor+FF.m in Sources */ = {isa = PBXBuildFile; fileRef = CE2B39D81DAE7FCB00B266E1 /* UIColor+FF.m */; };
		CE2B39EB1DAE7FCB00B266E1 /* UIFont+FF.m in Sources */ = {isa = PBXBuildFile; fileRef = CE2B39DA1DAE7FCB00B266E1 /* UIFont+FF.m */; };
		CE2B39EC1DAE7FCB00B266E1 /* UIImage+Scale.m in Sources */ = {isa = PBXBuildFile; fileRef = CE2B39DC1DAE7FCB00B266E1 /* UIImage+Scale.m */; };
		CE2B39EE1DAE7FCB00B266E1 /* UINavigationItem+FF.m in Sources */ = {isa = PBXBuildFile; fileRef = CE2B39E01DAE7FCB00B266E1 /* UINavigationItem+FF.m */; };
		CE2B39F01DAE7FCB00B266E1 /* UIView+FF.m in Sources */ = {isa = PBXBuildFile; fileRef = CE2B39E31DAE7FCB00B266E1 /* UIView+FF.m */; };
		CE2B39F11DAE7FCB00B266E1 /* UIViewController+Utility.m in Sources */ = {isa = PBXBuildFile; fileRef = CE2B39E51DAE7FCB00B266E1 /* UIViewController+Utility.m */; };
		CE2B3A2C1DAE823D00B266E1 /* HexColor.m in Sources */ = {isa = PBXBuildFile; fileRef = CE2B3A291DAE823D00B266E1 /* HexColor.m */; };
		CE8D5F521DE9AACF00D4846F /* beep1.mp3 in Resources */ = {isa = PBXBuildFile; fileRef = CE8D5F511DE9AACF00D4846F /* beep1.mp3 */; };
		CE8E59341DFC06510053E81D /* ContactUsViewController.m in Sources */ = {isa = PBXBuildFile; fileRef = CE8E59331DFC06510053E81D /* ContactUsViewController.m */; };
		CE8E59411DFC8F020053E81D /* NSData+Base64.m in Sources */ = {isa = PBXBuildFile; fileRef = CE8E59391DFC8F020053E81D /* NSData+Base64.m */; };
		CE8E59441DFC8F020053E81D /* SecurityUtility.m in Sources */ = {isa = PBXBuildFile; fileRef = CE8E593F1DFC8F020053E81D /* SecurityUtility.m */; };
		CE8E59481DFC95BC0053E81D /* Security.framework in Frameworks */ = {isa = PBXBuildFile; fileRef = CE8E59471DFC95BC0053E81D /* Security.framework */; };
		CE8E594B1DFCA5C40053E81D /* NSData+AES.m in Sources */ = {isa = PBXBuildFile; fileRef = CE8E594A1DFCA5C40053E81D /* NSData+AES.m */; };
		CE9316421DBB7E6800A84A91 /* UIKit.framework in Frameworks */ = {isa = PBXBuildFile; fileRef = CE9316351DBB7E6800A84A91 /* UIKit.framework */; };
		CE9316431DBB7E6800A84A91 /* SystemConfiguration.framework in Frameworks */ = {isa = PBXBuildFile; fileRef = CE9316361DBB7E6800A84A91 /* SystemConfiguration.framework */; };
		CE9316441DBB7E6800A84A91 /* QuartzCore.framework in Frameworks */ = {isa = PBXBuildFile; fileRef = CE9316371DBB7E6800A84A91 /* QuartzCore.framework */; };
		CE9316451DBB7E6800A84A91 /* OpenGLES.framework in Frameworks */ = {isa = PBXBuildFile; fileRef = CE9316381DBB7E6800A84A91 /* OpenGLES.framework */; };
		CE9316461DBB7E6800A84A91 /* libz.tbd in Frameworks */ = {isa = PBXBuildFile; fileRef = CE9316391DBB7E6800A84A91 /* libz.tbd */; };
		CE9316471DBB7E6800A84A91 /* libc++.tbd in Frameworks */ = {isa = PBXBuildFile; fileRef = CE93163A1DBB7E6800A84A91 /* libc++.tbd */; };
		CE9316481DBB7E6800A84A91 /* ImageIO.framework in Frameworks */ = {isa = PBXBuildFile; fileRef = CE93163B1DBB7E6800A84A91 /* ImageIO.framework */; };
		CE9316491DBB7E6800A84A91 /* GLKit.framework in Frameworks */ = {isa = PBXBuildFile; fileRef = CE93163C1DBB7E6800A84A91 /* GLKit.framework */; };
		CE93164A1DBB7E6800A84A91 /* CoreText.framework in Frameworks */ = {isa = PBXBuildFile; fileRef = CE93163D1DBB7E6800A84A91 /* CoreText.framework */; };
		CE93164B1DBB7E6800A84A91 /* CoreLocation.framework in Frameworks */ = {isa = PBXBuildFile; fileRef = CE93163E1DBB7E6800A84A91 /* CoreLocation.framework */; };
		CE93164C1DBB7E6800A84A91 /* CoreGraphics.framework in Frameworks */ = {isa = PBXBuildFile; fileRef = CE93163F1DBB7E6800A84A91 /* CoreGraphics.framework */; };
		CE93164D1DBB7E6800A84A91 /* CoreData.framework in Frameworks */ = {isa = PBXBuildFile; fileRef = CE9316401DBB7E6800A84A91 /* CoreData.framework */; };
		CE93164E1DBB7E6800A84A91 /* Accelerate.framework in Frameworks */ = {isa = PBXBuildFile; fileRef = CE9316411DBB7E6800A84A91 /* Accelerate.framework */; };
		CE9316611DBBB6D700A84A91 /* AddressBook.framework in Frameworks */ = {isa = PBXBuildFile; fileRef = CE9316601DBBB6D700A84A91 /* AddressBook.framework */; };
		CE9316631DBBB6DD00A84A91 /* SafariServices.framework in Frameworks */ = {isa = PBXBuildFile; fileRef = CE9316621DBBB6DD00A84A91 /* SafariServices.framework */; };
		CE9316651DBBB82400A84A91 /* GoogleService-Info.plist in Resources */ = {isa = PBXBuildFile; fileRef = CE9316641DBBB82400A84A91 /* GoogleService-Info.plist */; };
		CE9316691DBC0B7200A84A91 /* OTPViewController.m in Sources */ = {isa = PBXBuildFile; fileRef = CE9316681DBC0B7200A84A91 /* OTPViewController.m */; };
		CEB08FF41DF35AD5008A83AB /* CommonWebViewController.m in Sources */ = {isa = PBXBuildFile; fileRef = CEB08FF31DF35AD5008A83AB /* CommonWebViewController.m */; };
		CEB1F3161DFCA9AE006A3402 /* GTMBase64.m in Sources */ = {isa = PBXBuildFile; fileRef = CEB1F30E1DFCA9AE006A3402 /* GTMBase64.m */; };
		CEB1F3171DFCA9AE006A3402 /* NSData+AES.m in Sources */ = {isa = PBXBuildFile; fileRef = CEB1F3111DFCA9AE006A3402 /* NSData+AES.m */; };
		CEB1F3181DFCA9AE006A3402 /* NSString+MD5.m in Sources */ = {isa = PBXBuildFile; fileRef = CEB1F3131DFCA9AE006A3402 /* NSString+MD5.m */; };
		CEB1F3191DFCA9AE006A3402 /* SecurityUtil.m in Sources */ = {isa = PBXBuildFile; fileRef = CEB1F3151DFCA9AE006A3402 /* SecurityUtil.m */; };
/* End PBXBuildFile section */

/* Begin PBXFileReference section */
		410D4B0C1DF28B1000FFB0D8 /* NotificationTableViewCell.h */ = {isa = PBXFileReference; fileEncoding = 4; lastKnownFileType = sourcecode.c.h; path = NotificationTableViewCell.h; sourceTree = "<group>"; };
		410D4B0D1DF28B1000FFB0D8 /* NotificationTableViewCell.m */ = {isa = PBXFileReference; fileEncoding = 4; lastKnownFileType = sourcecode.c.objc; path = NotificationTableViewCell.m; sourceTree = "<group>"; };
		410D4B0E1DF28B1000FFB0D8 /* NotificationViewController.h */ = {isa = PBXFileReference; fileEncoding = 4; lastKnownFileType = sourcecode.c.h; path = NotificationViewController.h; sourceTree = "<group>"; };
		410D4B0F1DF28B1000FFB0D8 /* NotificationViewController.m */ = {isa = PBXFileReference; fileEncoding = 4; lastKnownFileType = sourcecode.c.objc; path = NotificationViewController.m; sourceTree = "<group>"; };
		410D4B121DF28B1000FFB0D8 /* InstructionTableViewCell.h */ = {isa = PBXFileReference; fileEncoding = 4; lastKnownFileType = sourcecode.c.h; path = InstructionTableViewCell.h; sourceTree = "<group>"; };
		410D4B131DF28B1000FFB0D8 /* InstructionTableViewCell.m */ = {isa = PBXFileReference; fileEncoding = 4; lastKnownFileType = sourcecode.c.objc; path = InstructionTableViewCell.m; sourceTree = "<group>"; };
		410D4B141DF28B1000FFB0D8 /* InstructionViewController.h */ = {isa = PBXFileReference; fileEncoding = 4; lastKnownFileType = sourcecode.c.h; path = InstructionViewController.h; sourceTree = "<group>"; };
		410D4B151DF28B1000FFB0D8 /* InstructionViewController.m */ = {isa = PBXFileReference; fileEncoding = 4; lastKnownFileType = sourcecode.c.objc; path = InstructionViewController.m; sourceTree = "<group>"; };
		410D4B1A1DF28B5800FFB0D8 /* ProfileViewController.h */ = {isa = PBXFileReference; fileEncoding = 4; lastKnownFileType = sourcecode.c.h; path = ProfileViewController.h; sourceTree = "<group>"; };
		410D4B1B1DF28B5800FFB0D8 /* ProfileViewController.m */ = {isa = PBXFileReference; fileEncoding = 4; lastKnownFileType = sourcecode.c.objc; path = ProfileViewController.m; sourceTree = "<group>"; };
		410D4B1D1DF28BFF00FFB0D8 /* PaymentViewController.h */ = {isa = PBXFileReference; fileEncoding = 4; lastKnownFileType = sourcecode.c.h; path = PaymentViewController.h; sourceTree = "<group>"; };
		410D4B1E1DF28BFF00FFB0D8 /* PaymentViewController.m */ = {isa = PBXFileReference; fileEncoding = 4; lastKnownFileType = sourcecode.c.objc; path = PaymentViewController.m; sourceTree = "<group>"; };
		410D4B201DF28CC900FFB0D8 /* ApplicationFormViewController.h */ = {isa = PBXFileReference; fileEncoding = 4; lastKnownFileType = sourcecode.c.h; path = ApplicationFormViewController.h; sourceTree = "<group>"; };
		410D4B211DF28CC900FFB0D8 /* ApplicationFormViewController.m */ = {isa = PBXFileReference; fileEncoding = 4; lastKnownFileType = sourcecode.c.objc; path = ApplicationFormViewController.m; sourceTree = "<group>"; };
		410D4B231DF28D8D00FFB0D8 /* AboutViewController.h */ = {isa = PBXFileReference; fileEncoding = 4; lastKnownFileType = sourcecode.c.h; path = AboutViewController.h; sourceTree = "<group>"; };
		410D4B241DF28D8D00FFB0D8 /* AboutViewController.m */ = {isa = PBXFileReference; fileEncoding = 4; lastKnownFileType = sourcecode.c.objc; path = AboutViewController.m; sourceTree = "<group>"; };
		410D4B261DF28DE900FFB0D8 /* AboutExamViewController.h */ = {isa = PBXFileReference; fileEncoding = 4; lastKnownFileType = sourcecode.c.h; path = AboutExamViewController.h; sourceTree = "<group>"; };
		410D4B271DF28DE900FFB0D8 /* AboutExamViewController.m */ = {isa = PBXFileReference; fileEncoding = 4; lastKnownFileType = sourcecode.c.objc; path = AboutExamViewController.m; sourceTree = "<group>"; };
		410D4B291DF28E2300FFB0D8 /* AnalysisViewController.h */ = {isa = PBXFileReference; fileEncoding = 4; lastKnownFileType = sourcecode.c.h; path = AnalysisViewController.h; sourceTree = "<group>"; };
		410D4B2A1DF28E2300FFB0D8 /* AnalysisViewController.m */ = {isa = PBXFileReference; fileEncoding = 4; lastKnownFileType = sourcecode.c.objc; path = AnalysisViewController.m; sourceTree = "<group>"; };
		4163DB801DF5495F00CCACCF /* HomeCollectionViewCell.h */ = {isa = PBXFileReference; fileEncoding = 4; lastKnownFileType = sourcecode.c.h; path = HomeCollectionViewCell.h; sourceTree = "<group>"; };
		4163DB811DF5495F00CCACCF /* HomeCollectionViewCell.m */ = {isa = PBXFileReference; fileEncoding = 4; lastKnownFileType = sourcecode.c.objc; path = HomeCollectionViewCell.m; sourceTree = "<group>"; };
		4163DB861DF5495F00CCACCF /* HomeViewController.h */ = {isa = PBXFileReference; fileEncoding = 4; lastKnownFileType = sourcecode.c.h; path = HomeViewController.h; sourceTree = "<group>"; };
		4163DB871DF5495F00CCACCF /* HomeViewController.m */ = {isa = PBXFileReference; fileEncoding = 4; lastKnownFileType = sourcecode.c.objc; path = HomeViewController.m; sourceTree = "<group>"; };
		4163DB901DF5499100CCACCF /* ForgotPassword.h */ = {isa = PBXFileReference; fileEncoding = 4; lastKnownFileType = sourcecode.c.h; path = ForgotPassword.h; sourceTree = "<group>"; };
		4163DB911DF5499100CCACCF /* ForgotPassword.m */ = {isa = PBXFileReference; fileEncoding = 4; lastKnownFileType = sourcecode.c.objc; path = ForgotPassword.m; sourceTree = "<group>"; };
		4163DB931DF5499E00CCACCF /* ForgotPassword.xib */ = {isa = PBXFileReference; fileEncoding = 4; lastKnownFileType = file.xib; path = ForgotPassword.xib; sourceTree = "<group>"; };
		4163DBB41DF57A0100CCACCF /* OpenSans-Bold.ttf */ = {isa = PBXFileReference; lastKnownFileType = file; path = "OpenSans-Bold.ttf"; sourceTree = "<group>"; };
		4163DBB51DF57A0100CCACCF /* OpenSans-Regular.ttf */ = {isa = PBXFileReference; lastKnownFileType = file; path = "OpenSans-Regular.ttf"; sourceTree = "<group>"; };
		4163DBB61DF57A0100CCACCF /* OpenSans-Semibold.ttf */ = {isa = PBXFileReference; lastKnownFileType = file; path = "OpenSans-Semibold.ttf"; sourceTree = "<group>"; };
		7F163D621DFD667E00A34AE9 /* libPaymentsSDK.a */ = {isa = PBXFileReference; lastKnownFileType = archive.ar; path = libPaymentsSDK.a; sourceTree = "<group>"; };
		7F163D631DFD667E00A34AE9 /* PaymentsSDK.h */ = {isa = PBXFileReference; fileEncoding = 4; lastKnownFileType = sourcecode.c.h; path = PaymentsSDK.h; sourceTree = "<group>"; };
		7F163D641DFD667E00A34AE9 /* PGMerchantConfiguration.h */ = {isa = PBXFileReference; fileEncoding = 4; lastKnownFileType = sourcecode.c.h; path = PGMerchantConfiguration.h; sourceTree = "<group>"; };
		7F163D651DFD667E00A34AE9 /* PGOrder.h */ = {isa = PBXFileReference; fileEncoding = 4; lastKnownFileType = sourcecode.c.h; path = PGOrder.h; sourceTree = "<group>"; };
		7F163D661DFD667E00A34AE9 /* PGServerEnvironment.h */ = {isa = PBXFileReference; fileEncoding = 4; lastKnownFileType = sourcecode.c.h; path = PGServerEnvironment.h; sourceTree = "<group>"; };
		7F163D671DFD667E00A34AE9 /* PGTransactionViewController.h */ = {isa = PBXFileReference; fileEncoding = 4; lastKnownFileType = sourcecode.c.h; path = PGTransactionViewController.h; sourceTree = "<group>"; };
		B7E8D3CA1DD3AB45001F005C /* Other.storyboard */ = {isa = PBXFileReference; fileEncoding = 4; lastKnownFileType = file.storyboard; path = Other.storyboard; sourceTree = "<group>"; };
		CE0596B61DB65E92001E62A9 /* GUITabPagerViewController.h */ = {isa = PBXFileReference; fileEncoding = 4; lastKnownFileType = sourcecode.c.h; path = GUITabPagerViewController.h; sourceTree = "<group>"; };
		CE0596B71DB65E92001E62A9 /* GUITabPagerViewController.m */ = {isa = PBXFileReference; fileEncoding = 4; lastKnownFileType = sourcecode.c.objc; path = GUITabPagerViewController.m; sourceTree = "<group>"; };
		CE0596B81DB65E92001E62A9 /* GUITabScrollView.h */ = {isa = PBXFileReference; fileEncoding = 4; lastKnownFileType = sourcecode.c.h; path = GUITabScrollView.h; sourceTree = "<group>"; };
		CE0596B91DB65E92001E62A9 /* GUITabScrollView.m */ = {isa = PBXFileReference; fileEncoding = 4; lastKnownFileType = sourcecode.c.objc; path = GUITabScrollView.m; sourceTree = "<group>"; };
		CE0596C01DB6655E001E62A9 /* FFWebServiceHelper.h */ = {isa = PBXFileReference; fileEncoding = 4; lastKnownFileType = sourcecode.c.h; path = FFWebServiceHelper.h; sourceTree = "<group>"; };
		CE0596C11DB6655E001E62A9 /* FFWebServiceHelper.m */ = {isa = PBXFileReference; fileEncoding = 4; lastKnownFileType = sourcecode.c.objc; path = FFWebServiceHelper.m; sourceTree = "<group>"; };
		CE0596C21DB6655E001E62A9 /* FFModelManager.h */ = {isa = PBXFileReference; fileEncoding = 4; lastKnownFileType = sourcecode.c.h; path = FFModelManager.h; sourceTree = "<group>"; };
		CE0596C31DB6655E001E62A9 /* FFModelManager.m */ = {isa = PBXFileReference; fileEncoding = 4; lastKnownFileType = sourcecode.c.objc; path = FFModelManager.m; sourceTree = "<group>"; };
		CE0596C71DB665B4001E62A9 /* AFHTTPRequestOperation.h */ = {isa = PBXFileReference; fileEncoding = 4; lastKnownFileType = sourcecode.c.h; path = AFHTTPRequestOperation.h; sourceTree = "<group>"; };
		CE0596C81DB665B4001E62A9 /* AFHTTPRequestOperation.m */ = {isa = PBXFileReference; fileEncoding = 4; lastKnownFileType = sourcecode.c.objc; path = AFHTTPRequestOperation.m; sourceTree = "<group>"; };
		CE0596C91DB665B4001E62A9 /* AFHTTPRequestOperationManager.h */ = {isa = PBXFileReference; fileEncoding = 4; lastKnownFileType = sourcecode.c.h; path = AFHTTPRequestOperationManager.h; sourceTree = "<group>"; };
		CE0596CA1DB665B4001E62A9 /* AFHTTPRequestOperationManager.m */ = {isa = PBXFileReference; fileEncoding = 4; lastKnownFileType = sourcecode.c.objc; path = AFHTTPRequestOperationManager.m; sourceTree = "<group>"; };
		CE0596CB1DB665B4001E62A9 /* AFHTTPSessionManager.h */ = {isa = PBXFileReference; fileEncoding = 4; lastKnownFileType = sourcecode.c.h; path = AFHTTPSessionManager.h; sourceTree = "<group>"; };
		CE0596CC1DB665B4001E62A9 /* AFHTTPSessionManager.m */ = {isa = PBXFileReference; fileEncoding = 4; lastKnownFileType = sourcecode.c.objc; path = AFHTTPSessionManager.m; sourceTree = "<group>"; };
		CE0596CD1DB665B4001E62A9 /* AFNetworking.h */ = {isa = PBXFileReference; fileEncoding = 4; lastKnownFileType = sourcecode.c.h; path = AFNetworking.h; sourceTree = "<group>"; };
		CE0596CE1DB665B4001E62A9 /* AFNetworkReachabilityManager.h */ = {isa = PBXFileReference; fileEncoding = 4; lastKnownFileType = sourcecode.c.h; path = AFNetworkReachabilityManager.h; sourceTree = "<group>"; };
		CE0596CF1DB665B4001E62A9 /* AFNetworkReachabilityManager.m */ = {isa = PBXFileReference; fileEncoding = 4; lastKnownFileType = sourcecode.c.objc; path = AFNetworkReachabilityManager.m; sourceTree = "<group>"; };
		CE0596D01DB665B4001E62A9 /* AFSecurityPolicy.h */ = {isa = PBXFileReference; fileEncoding = 4; lastKnownFileType = sourcecode.c.h; path = AFSecurityPolicy.h; sourceTree = "<group>"; };
		CE0596D11DB665B5001E62A9 /* AFSecurityPolicy.m */ = {isa = PBXFileReference; fileEncoding = 4; lastKnownFileType = sourcecode.c.objc; path = AFSecurityPolicy.m; sourceTree = "<group>"; };
		CE0596D21DB665B5001E62A9 /* AFURLConnectionOperation.h */ = {isa = PBXFileReference; fileEncoding = 4; lastKnownFileType = sourcecode.c.h; path = AFURLConnectionOperation.h; sourceTree = "<group>"; };
		CE0596D31DB665B5001E62A9 /* AFURLConnectionOperation.m */ = {isa = PBXFileReference; fileEncoding = 4; lastKnownFileType = sourcecode.c.objc; path = AFURLConnectionOperation.m; sourceTree = "<group>"; };
		CE0596D41DB665B5001E62A9 /* AFURLRequestSerialization.h */ = {isa = PBXFileReference; fileEncoding = 4; lastKnownFileType = sourcecode.c.h; path = AFURLRequestSerialization.h; sourceTree = "<group>"; };
		CE0596D51DB665B5001E62A9 /* AFURLRequestSerialization.m */ = {isa = PBXFileReference; fileEncoding = 4; lastKnownFileType = sourcecode.c.objc; path = AFURLRequestSerialization.m; sourceTree = "<group>"; };
		CE0596D61DB665B5001E62A9 /* AFURLResponseSerialization.h */ = {isa = PBXFileReference; fileEncoding = 4; lastKnownFileType = sourcecode.c.h; path = AFURLResponseSerialization.h; sourceTree = "<group>"; };
		CE0596D71DB665B5001E62A9 /* AFURLResponseSerialization.m */ = {isa = PBXFileReference; fileEncoding = 4; lastKnownFileType = sourcecode.c.objc; path = AFURLResponseSerialization.m; sourceTree = "<group>"; };
		CE0596D81DB665B5001E62A9 /* AFURLSessionManager.h */ = {isa = PBXFileReference; fileEncoding = 4; lastKnownFileType = sourcecode.c.h; path = AFURLSessionManager.h; sourceTree = "<group>"; };
		CE0596D91DB665B5001E62A9 /* AFURLSessionManager.m */ = {isa = PBXFileReference; fileEncoding = 4; lastKnownFileType = sourcecode.c.objc; path = AFURLSessionManager.m; sourceTree = "<group>"; };
		CE0596E41DB665D2001E62A9 /* Reachability.h */ = {isa = PBXFileReference; fileEncoding = 4; lastKnownFileType = sourcecode.c.h; path = Reachability.h; sourceTree = "<group>"; };
		CE0596E51DB665D2001E62A9 /* Reachability.m */ = {isa = PBXFileReference; fileEncoding = 4; lastKnownFileType = sourcecode.c.objc; path = Reachability.m; sourceTree = "<group>"; };
		CE16DAE21DBA022400AB664C /* UITextField+Validation.h */ = {isa = PBXFileReference; fileEncoding = 4; lastKnownFileType = sourcecode.c.h; path = "UITextField+Validation.h"; sourceTree = "<group>"; };
		CE16DAE31DBA022400AB664C /* UITextField+Validation.m */ = {isa = PBXFileReference; fileEncoding = 4; lastKnownFileType = sourcecode.c.objc; path = "UITextField+Validation.m"; sourceTree = "<group>"; };
		CE16DAE51DBA028400AB664C /* FFValidationResult.h */ = {isa = PBXFileReference; fileEncoding = 4; lastKnownFileType = sourcecode.c.h; path = FFValidationResult.h; sourceTree = "<group>"; };
		CE16DAE81DBA043500AB664C /* FFValidationResult.m */ = {isa = PBXFileReference; fileEncoding = 4; lastKnownFileType = sourcecode.c.objc; path = FFValidationResult.m; sourceTree = "<group>"; };
		CE16DAEF1DBB3D0300AB664C /* LeftMenuScenes.storyboard */ = {isa = PBXFileReference; fileEncoding = 4; lastKnownFileType = file.storyboard; path = LeftMenuScenes.storyboard; sourceTree = "<group>"; };
		CE16DAF21DBB423500AB664C /* TSMessagesDefaultDesign.json */ = {isa = PBXFileReference; fileEncoding = 4; lastKnownFileType = text.json; path = TSMessagesDefaultDesign.json; sourceTree = "<group>"; };
		CE16DAF41DBB426400AB664C /* Assets.xcassets */ = {isa = PBXFileReference; lastKnownFileType = folder.assetcatalog; path = Assets.xcassets; sourceTree = "<group>"; };
		CE16DAF71DBB42FD00AB664C /* TSBlurView.h */ = {isa = PBXFileReference; fileEncoding = 4; lastKnownFileType = sourcecode.c.h; path = TSBlurView.h; sourceTree = "<group>"; };
		CE16DAF81DBB42FD00AB664C /* TSBlurView.m */ = {isa = PBXFileReference; fileEncoding = 4; lastKnownFileType = sourcecode.c.objc; path = TSBlurView.m; sourceTree = "<group>"; };
		CE16DAF91DBB42FD00AB664C /* TSMessage.h */ = {isa = PBXFileReference; fileEncoding = 4; lastKnownFileType = sourcecode.c.h; path = TSMessage.h; sourceTree = "<group>"; };
		CE16DAFA1DBB42FD00AB664C /* TSMessage.m */ = {isa = PBXFileReference; fileEncoding = 4; lastKnownFileType = sourcecode.c.objc; path = TSMessage.m; sourceTree = "<group>"; };
		CE16DAFB1DBB42FD00AB664C /* TSMessageView.h */ = {isa = PBXFileReference; fileEncoding = 4; lastKnownFileType = sourcecode.c.h; path = TSMessageView.h; sourceTree = "<group>"; };
		CE16DAFC1DBB42FD00AB664C /* TSMessageView.m */ = {isa = PBXFileReference; fileEncoding = 4; lastKnownFileType = sourcecode.c.objc; path = TSMessageView.m; sourceTree = "<group>"; };
		CE16DB001DBB6B2D00AB664C /* UIImageView+AFNetworking.h */ = {isa = PBXFileReference; fileEncoding = 4; lastKnownFileType = sourcecode.c.h; path = "UIImageView+AFNetworking.h"; sourceTree = "<group>"; };
		CE16DB011DBB6B2D00AB664C /* UIImageView+AFNetworking.m */ = {isa = PBXFileReference; fileEncoding = 4; lastKnownFileType = sourcecode.c.objc; path = "UIImageView+AFNetworking.m"; sourceTree = "<group>"; };
		CE16DB021DBB6B2D00AB664C /* UIKit+AFNetworking.h */ = {isa = PBXFileReference; fileEncoding = 4; lastKnownFileType = sourcecode.c.h; path = "UIKit+AFNetworking.h"; sourceTree = "<group>"; };
		CE2B39791DAE6D1F00B266E1 /* ICAI.app */ = {isa = PBXFileReference; explicitFileType = wrapper.application; includeInIndex = 0; path = ICAI.app; sourceTree = BUILT_PRODUCTS_DIR; };
		CE2B397D1DAE6D1F00B266E1 /* main.m */ = {isa = PBXFileReference; lastKnownFileType = sourcecode.c.objc; path = main.m; sourceTree = "<group>"; };
		CE2B397F1DAE6D1F00B266E1 /* AppDelegate.h */ = {isa = PBXFileReference; lastKnownFileType = sourcecode.c.h; path = AppDelegate.h; sourceTree = "<group>"; };
		CE2B39801DAE6D1F00B266E1 /* AppDelegate.m */ = {isa = PBXFileReference; lastKnownFileType = sourcecode.c.objc; path = AppDelegate.m; sourceTree = "<group>"; };
		CE2B39861DAE6D1F00B266E1 /* Base */ = {isa = PBXFileReference; lastKnownFileType = file.storyboard; name = Base; path = Base.lproj/Main.storyboard; sourceTree = "<group>"; };
		CE2B398B1DAE6D1F00B266E1 /* Base */ = {isa = PBXFileReference; lastKnownFileType = file.storyboard; name = Base; path = Base.lproj/LaunchScreen.storyboard; sourceTree = "<group>"; };
		CE2B398D1DAE6D1F00B266E1 /* Info.plist */ = {isa = PBXFileReference; lastKnownFileType = text.plist.xml; path = Info.plist; sourceTree = "<group>"; };
		CE2B39941DAE6F2D00B266E1 /* AbstractActionSheetPicker.h */ = {isa = PBXFileReference; fileEncoding = 4; lastKnownFileType = sourcecode.c.h; path = AbstractActionSheetPicker.h; sourceTree = "<group>"; };
		CE2B39951DAE6F2D00B266E1 /* AbstractActionSheetPicker.m */ = {isa = PBXFileReference; fileEncoding = 4; lastKnownFileType = sourcecode.c.objc; path = AbstractActionSheetPicker.m; sourceTree = "<group>"; };
		CE2B39961DAE6F2D00B266E1 /* ActionSheetStringPicker.h */ = {isa = PBXFileReference; fileEncoding = 4; lastKnownFileType = sourcecode.c.h; path = ActionSheetStringPicker.h; sourceTree = "<group>"; };
		CE2B39971DAE6F2D00B266E1 /* ActionSheetStringPicker.m */ = {isa = PBXFileReference; fileEncoding = 4; lastKnownFileType = sourcecode.c.objc; path = ActionSheetStringPicker.m; sourceTree = "<group>"; };
		CE2B39981DAE6F2D00B266E1 /* SWActionSheet.h */ = {isa = PBXFileReference; fileEncoding = 4; lastKnownFileType = sourcecode.c.h; path = SWActionSheet.h; sourceTree = "<group>"; };
		CE2B39991DAE6F2D00B266E1 /* SWActionSheet.m */ = {isa = PBXFileReference; fileEncoding = 4; lastKnownFileType = sourcecode.c.objc; path = SWActionSheet.m; sourceTree = "<group>"; };
		CE2B399B1DAE6F2D00B266E1 /* MBProgressHUD.h */ = {isa = PBXFileReference; fileEncoding = 4; lastKnownFileType = sourcecode.c.h; path = MBProgressHUD.h; sourceTree = "<group>"; };
		CE2B399C1DAE6F2D00B266E1 /* MBProgressHUD.m */ = {isa = PBXFileReference; fileEncoding = 4; lastKnownFileType = sourcecode.c.objc; path = MBProgressHUD.m; sourceTree = "<group>"; };
		CE2B399E1DAE6F2D00B266E1 /* RECommonFunctions.h */ = {isa = PBXFileReference; fileEncoding = 4; lastKnownFileType = sourcecode.c.h; path = RECommonFunctions.h; sourceTree = "<group>"; };
		CE2B399F1DAE6F2D00B266E1 /* RECommonFunctions.m */ = {isa = PBXFileReference; fileEncoding = 4; lastKnownFileType = sourcecode.c.objc; path = RECommonFunctions.m; sourceTree = "<group>"; };
		CE2B39A01DAE6F2D00B266E1 /* RESideMenu.h */ = {isa = PBXFileReference; fileEncoding = 4; lastKnownFileType = sourcecode.c.h; path = RESideMenu.h; sourceTree = "<group>"; };
		CE2B39A11DAE6F2D00B266E1 /* RESideMenu.m */ = {isa = PBXFileReference; fileEncoding = 4; lastKnownFileType = sourcecode.c.objc; path = RESideMenu.m; sourceTree = "<group>"; };
		CE2B39A21DAE6F2D00B266E1 /* UIViewController+RESideMenu.h */ = {isa = PBXFileReference; fileEncoding = 4; lastKnownFileType = sourcecode.c.h; path = "UIViewController+RESideMenu.h"; sourceTree = "<group>"; };
		CE2B39A31DAE6F2D00B266E1 /* UIViewController+RESideMenu.m */ = {isa = PBXFileReference; fileEncoding = 4; lastKnownFileType = sourcecode.c.objc; path = "UIViewController+RESideMenu.m"; sourceTree = "<group>"; };
		CE2B39AB1DAE6F6E00B266E1 /* PrefixHeader.pch */ = {isa = PBXFileReference; fileEncoding = 4; lastKnownFileType = sourcecode.c.h; path = PrefixHeader.pch; sourceTree = "<group>"; };
		CE2B39AE1DAE70DB00B266E1 /* FFConstant.h */ = {isa = PBXFileReference; fileEncoding = 4; lastKnownFileType = sourcecode.c.h; path = FFConstant.h; sourceTree = "<group>"; };
		CE2B39AF1DAE70DB00B266E1 /* FFurls.h */ = {isa = PBXFileReference; fileEncoding = 4; lastKnownFileType = sourcecode.c.h; path = FFurls.h; sourceTree = "<group>"; };
		CE2B39B11DAE71CC00B266E1 /* TPKeyboardAvoidingCollectionView.h */ = {isa = PBXFileReference; fileEncoding = 4; lastKnownFileType = sourcecode.c.h; path = TPKeyboardAvoidingCollectionView.h; sourceTree = "<group>"; };
		CE2B39B21DAE71CC00B266E1 /* TPKeyboardAvoidingCollectionView.m */ = {isa = PBXFileReference; fileEncoding = 4; lastKnownFileType = sourcecode.c.objc; path = TPKeyboardAvoidingCollectionView.m; sourceTree = "<group>"; };
		CE2B39B31DAE71CC00B266E1 /* TPKeyboardAvoidingScrollView.h */ = {isa = PBXFileReference; fileEncoding = 4; lastKnownFileType = sourcecode.c.h; path = TPKeyboardAvoidingScrollView.h; sourceTree = "<group>"; };
		CE2B39B41DAE71CC00B266E1 /* TPKeyboardAvoidingScrollView.m */ = {isa = PBXFileReference; fileEncoding = 4; lastKnownFileType = sourcecode.c.objc; path = TPKeyboardAvoidingScrollView.m; sourceTree = "<group>"; };
		CE2B39B51DAE71CC00B266E1 /* TPKeyboardAvoidingTableView.h */ = {isa = PBXFileReference; fileEncoding = 4; lastKnownFileType = sourcecode.c.h; path = TPKeyboardAvoidingTableView.h; sourceTree = "<group>"; };
		CE2B39B61DAE71CC00B266E1 /* TPKeyboardAvoidingTableView.m */ = {isa = PBXFileReference; fileEncoding = 4; lastKnownFileType = sourcecode.c.objc; path = TPKeyboardAvoidingTableView.m; sourceTree = "<group>"; };
		CE2B39B71DAE71CC00B266E1 /* UIScrollView+TPKeyboardAvoidingAdditions.h */ = {isa = PBXFileReference; fileEncoding = 4; lastKnownFileType = sourcecode.c.h; path = "UIScrollView+TPKeyboardAvoidingAdditions.h"; sourceTree = "<group>"; };
		CE2B39B81DAE71CC00B266E1 /* UIScrollView+TPKeyboardAvoidingAdditions.m */ = {isa = PBXFileReference; fileEncoding = 4; lastKnownFileType = sourcecode.c.objc; path = "UIScrollView+TPKeyboardAvoidingAdditions.m"; sourceTree = "<group>"; };
		CE2B39BD1DAE72AB00B266E1 /* LoginViewController.h */ = {isa = PBXFileReference; fileEncoding = 4; lastKnownFileType = sourcecode.c.h; path = LoginViewController.h; sourceTree = "<group>"; };
		CE2B39BE1DAE72AB00B266E1 /* LoginViewController.m */ = {isa = PBXFileReference; fileEncoding = 4; lastKnownFileType = sourcecode.c.objc; path = LoginViewController.m; sourceTree = "<group>"; };
		CE2B39C01DAE736B00B266E1 /* RegisterViewController.h */ = {isa = PBXFileReference; fileEncoding = 4; lastKnownFileType = sourcecode.c.h; path = RegisterViewController.h; sourceTree = "<group>"; };
		CE2B39C11DAE736B00B266E1 /* RegisterViewController.m */ = {isa = PBXFileReference; fileEncoding = 4; lastKnownFileType = sourcecode.c.objc; path = RegisterViewController.m; sourceTree = "<group>"; };
		CE2B39C71DAE7B7E00B266E1 /* Home.storyboard */ = {isa = PBXFileReference; fileEncoding = 4; lastKnownFileType = file.storyboard; path = Home.storyboard; sourceTree = "<group>"; };
		CE2B39C91DAE7BF300B266E1 /* FFLeftMenuViewController.h */ = {isa = PBXFileReference; fileEncoding = 4; lastKnownFileType = sourcecode.c.h; path = FFLeftMenuViewController.h; sourceTree = "<group>"; };
		CE2B39CA1DAE7BF300B266E1 /* FFLeftMenuViewController.m */ = {isa = PBXFileReference; fileEncoding = 4; lastKnownFileType = sourcecode.c.objc; path = FFLeftMenuViewController.m; sourceTree = "<group>"; };
		CE2B39CC1DAE7D2C00B266E1 /* RootViewController.h */ = {isa = PBXFileReference; fileEncoding = 4; lastKnownFileType = sourcecode.c.h; path = RootViewController.h; sourceTree = "<group>"; };
		CE2B39CD1DAE7D2C00B266E1 /* RootViewController.m */ = {isa = PBXFileReference; fileEncoding = 4; lastKnownFileType = sourcecode.c.objc; path = RootViewController.m; sourceTree = "<group>"; };
		CE2B39D11DAE7FCB00B266E1 /* CLLocationManager+blocks.h */ = {isa = PBXFileReference; fileEncoding = 4; lastKnownFileType = sourcecode.c.h; path = "CLLocationManager+blocks.h"; sourceTree = "<group>"; };
		CE2B39D21DAE7FCB00B266E1 /* CLLocationManager+blocks.m */ = {isa = PBXFileReference; fileEncoding = 4; lastKnownFileType = sourcecode.c.objc; path = "CLLocationManager+blocks.m"; sourceTree = "<group>"; };
		CE2B39D51DAE7FCB00B266E1 /* NSString+device.h */ = {isa = PBXFileReference; fileEncoding = 4; lastKnownFileType = sourcecode.c.h; path = "NSString+device.h"; sourceTree = "<group>"; };
		CE2B39D61DAE7FCB00B266E1 /* NSString+device.m */ = {isa = PBXFileReference; fileEncoding = 4; lastKnownFileType = sourcecode.c.objc; path = "NSString+device.m"; sourceTree = "<group>"; };
		CE2B39D71DAE7FCB00B266E1 /* UIColor+FF.h */ = {isa = PBXFileReference; fileEncoding = 4; lastKnownFileType = sourcecode.c.h; path = "UIColor+FF.h"; sourceTree = "<group>"; };
		CE2B39D81DAE7FCB00B266E1 /* UIColor+FF.m */ = {isa = PBXFileReference; fileEncoding = 4; lastKnownFileType = sourcecode.c.objc; path = "UIColor+FF.m"; sourceTree = "<group>"; };
		CE2B39D91DAE7FCB00B266E1 /* UIFont+FF.h */ = {isa = PBXFileReference; fileEncoding = 4; lastKnownFileType = sourcecode.c.h; path = "UIFont+FF.h"; sourceTree = "<group>"; };
		CE2B39DA1DAE7FCB00B266E1 /* UIFont+FF.m */ = {isa = PBXFileReference; fileEncoding = 4; lastKnownFileType = sourcecode.c.objc; path = "UIFont+FF.m"; sourceTree = "<group>"; };
		CE2B39DB1DAE7FCB00B266E1 /* UIImage+Scale.h */ = {isa = PBXFileReference; fileEncoding = 4; lastKnownFileType = sourcecode.c.h; path = "UIImage+Scale.h"; sourceTree = "<group>"; };
		CE2B39DC1DAE7FCB00B266E1 /* UIImage+Scale.m */ = {isa = PBXFileReference; fileEncoding = 4; lastKnownFileType = sourcecode.c.objc; path = "UIImage+Scale.m"; sourceTree = "<group>"; };
		CE2B39DF1DAE7FCB00B266E1 /* UINavigationItem+FF.h */ = {isa = PBXFileReference; fileEncoding = 4; lastKnownFileType = sourcecode.c.h; path = "UINavigationItem+FF.h"; sourceTree = "<group>"; };
		CE2B39E01DAE7FCB00B266E1 /* UINavigationItem+FF.m */ = {isa = PBXFileReference; fileEncoding = 4; lastKnownFileType = sourcecode.c.objc; path = "UINavigationItem+FF.m"; sourceTree = "<group>"; };
		CE2B39E21DAE7FCB00B266E1 /* UIView+FF.h */ = {isa = PBXFileReference; fileEncoding = 4; lastKnownFileType = sourcecode.c.h; path = "UIView+FF.h"; sourceTree = "<group>"; };
		CE2B39E31DAE7FCB00B266E1 /* UIView+FF.m */ = {isa = PBXFileReference; fileEncoding = 4; lastKnownFileType = sourcecode.c.objc; path = "UIView+FF.m"; sourceTree = "<group>"; };
		CE2B39E41DAE7FCB00B266E1 /* UIViewController+Utility.h */ = {isa = PBXFileReference; fileEncoding = 4; lastKnownFileType = sourcecode.c.h; path = "UIViewController+Utility.h"; sourceTree = "<group>"; };
		CE2B39E51DAE7FCB00B266E1 /* UIViewController+Utility.m */ = {isa = PBXFileReference; fileEncoding = 4; lastKnownFileType = sourcecode.c.objc; path = "UIViewController+Utility.m"; sourceTree = "<group>"; };
		CE2B3A281DAE823D00B266E1 /* HexColor.h */ = {isa = PBXFileReference; fileEncoding = 4; lastKnownFileType = sourcecode.c.h; path = HexColor.h; sourceTree = "<group>"; };
		CE2B3A291DAE823D00B266E1 /* HexColor.m */ = {isa = PBXFileReference; fileEncoding = 4; lastKnownFileType = sourcecode.c.objc; path = HexColor.m; sourceTree = "<group>"; };
		CE8D5F511DE9AACF00D4846F /* beep1.mp3 */ = {isa = PBXFileReference; lastKnownFileType = audio.mp3; path = beep1.mp3; sourceTree = "<group>"; };
		CE8E59321DFC06510053E81D /* ContactUsViewController.h */ = {isa = PBXFileReference; fileEncoding = 4; lastKnownFileType = sourcecode.c.h; path = ContactUsViewController.h; sourceTree = "<group>"; };
		CE8E59331DFC06510053E81D /* ContactUsViewController.m */ = {isa = PBXFileReference; fileEncoding = 4; lastKnownFileType = sourcecode.c.objc; path = ContactUsViewController.m; sourceTree = "<group>"; };
		CE8E59381DFC8F020053E81D /* NSData+Base64.h */ = {isa = PBXFileReference; fileEncoding = 4; lastKnownFileType = sourcecode.c.h; path = "NSData+Base64.h"; sourceTree = "<group>"; };
		CE8E59391DFC8F020053E81D /* NSData+Base64.m */ = {isa = PBXFileReference; fileEncoding = 4; lastKnownFileType = sourcecode.c.objc; path = "NSData+Base64.m"; sourceTree = "<group>"; };
		CE8E593E1DFC8F020053E81D /* SecurityUtility.h */ = {isa = PBXFileReference; fileEncoding = 4; lastKnownFileType = sourcecode.c.h; path = SecurityUtility.h; sourceTree = "<group>"; };
		CE8E593F1DFC8F020053E81D /* SecurityUtility.m */ = {isa = PBXFileReference; fileEncoding = 4; lastKnownFileType = sourcecode.c.objc; path = SecurityUtility.m; sourceTree = "<group>"; };
		CE8E59471DFC95BC0053E81D /* Security.framework */ = {isa = PBXFileReference; lastKnownFileType = wrapper.framework; name = Security.framework; path = System/Library/Frameworks/Security.framework; sourceTree = SDKROOT; };
		CE8E59491DFCA5C40053E81D /* NSData+AES.h */ = {isa = PBXFileReference; fileEncoding = 4; lastKnownFileType = sourcecode.c.h; path = "NSData+AES.h"; sourceTree = "<group>"; };
		CE8E594A1DFCA5C40053E81D /* NSData+AES.m */ = {isa = PBXFileReference; fileEncoding = 4; lastKnownFileType = sourcecode.c.objc; path = "NSData+AES.m"; sourceTree = "<group>"; };
		CE9316351DBB7E6800A84A91 /* UIKit.framework */ = {isa = PBXFileReference; lastKnownFileType = wrapper.framework; name = UIKit.framework; path = System/Library/Frameworks/UIKit.framework; sourceTree = SDKROOT; };
		CE9316361DBB7E6800A84A91 /* SystemConfiguration.framework */ = {isa = PBXFileReference; lastKnownFileType = wrapper.framework; name = SystemConfiguration.framework; path = System/Library/Frameworks/SystemConfiguration.framework; sourceTree = SDKROOT; };
		CE9316371DBB7E6800A84A91 /* QuartzCore.framework */ = {isa = PBXFileReference; lastKnownFileType = wrapper.framework; name = QuartzCore.framework; path = System/Library/Frameworks/QuartzCore.framework; sourceTree = SDKROOT; };
		CE9316381DBB7E6800A84A91 /* OpenGLES.framework */ = {isa = PBXFileReference; lastKnownFileType = wrapper.framework; name = OpenGLES.framework; path = System/Library/Frameworks/OpenGLES.framework; sourceTree = SDKROOT; };
		CE9316391DBB7E6800A84A91 /* libz.tbd */ = {isa = PBXFileReference; fileEncoding = 4; lastKnownFileType = "sourcecode.text-based-dylib-definition"; name = libz.tbd; path = usr/lib/libz.tbd; sourceTree = SDKROOT; };
		CE93163A1DBB7E6800A84A91 /* libc++.tbd */ = {isa = PBXFileReference; fileEncoding = 4; lastKnownFileType = "sourcecode.text-based-dylib-definition"; name = "libc++.tbd"; path = "usr/lib/libc++.tbd"; sourceTree = SDKROOT; };
		CE93163B1DBB7E6800A84A91 /* ImageIO.framework */ = {isa = PBXFileReference; lastKnownFileType = wrapper.framework; name = ImageIO.framework; path = System/Library/Frameworks/ImageIO.framework; sourceTree = SDKROOT; };
		CE93163C1DBB7E6800A84A91 /* GLKit.framework */ = {isa = PBXFileReference; lastKnownFileType = wrapper.framework; name = GLKit.framework; path = System/Library/Frameworks/GLKit.framework; sourceTree = SDKROOT; };
		CE93163D1DBB7E6800A84A91 /* CoreText.framework */ = {isa = PBXFileReference; lastKnownFileType = wrapper.framework; name = CoreText.framework; path = System/Library/Frameworks/CoreText.framework; sourceTree = SDKROOT; };
		CE93163E1DBB7E6800A84A91 /* CoreLocation.framework */ = {isa = PBXFileReference; lastKnownFileType = wrapper.framework; name = CoreLocation.framework; path = System/Library/Frameworks/CoreLocation.framework; sourceTree = SDKROOT; };
		CE93163F1DBB7E6800A84A91 /* CoreGraphics.framework */ = {isa = PBXFileReference; lastKnownFileType = wrapper.framework; name = CoreGraphics.framework; path = System/Library/Frameworks/CoreGraphics.framework; sourceTree = SDKROOT; };
		CE9316401DBB7E6800A84A91 /* CoreData.framework */ = {isa = PBXFileReference; lastKnownFileType = wrapper.framework; name = CoreData.framework; path = System/Library/Frameworks/CoreData.framework; sourceTree = SDKROOT; };
		CE9316411DBB7E6800A84A91 /* Accelerate.framework */ = {isa = PBXFileReference; lastKnownFileType = wrapper.framework; name = Accelerate.framework; path = System/Library/Frameworks/Accelerate.framework; sourceTree = SDKROOT; };
		CE9316601DBBB6D700A84A91 /* AddressBook.framework */ = {isa = PBXFileReference; lastKnownFileType = wrapper.framework; name = AddressBook.framework; path = System/Library/Frameworks/AddressBook.framework; sourceTree = SDKROOT; };
		CE9316621DBBB6DD00A84A91 /* SafariServices.framework */ = {isa = PBXFileReference; lastKnownFileType = wrapper.framework; name = SafariServices.framework; path = System/Library/Frameworks/SafariServices.framework; sourceTree = SDKROOT; };
		CE9316641DBBB82400A84A91 /* GoogleService-Info.plist */ = {isa = PBXFileReference; fileEncoding = 4; lastKnownFileType = text.plist.xml; path = "GoogleService-Info.plist"; sourceTree = "<group>"; };
		CE9316661DBBC71B00A84A91 /* Humsafar.entitlements */ = {isa = PBXFileReference; lastKnownFileType = text.plist.entitlements; path = Humsafar.entitlements; sourceTree = "<group>"; };
		CE9316671DBC0B7200A84A91 /* OTPViewController.h */ = {isa = PBXFileReference; fileEncoding = 4; lastKnownFileType = sourcecode.c.h; path = OTPViewController.h; sourceTree = "<group>"; };
		CE9316681DBC0B7200A84A91 /* OTPViewController.m */ = {isa = PBXFileReference; fileEncoding = 4; lastKnownFileType = sourcecode.c.objc; path = OTPViewController.m; sourceTree = "<group>"; };
		CEB08FF21DF35AD5008A83AB /* CommonWebViewController.h */ = {isa = PBXFileReference; fileEncoding = 4; lastKnownFileType = sourcecode.c.h; path = CommonWebViewController.h; sourceTree = "<group>"; };
		CEB08FF31DF35AD5008A83AB /* CommonWebViewController.m */ = {isa = PBXFileReference; fileEncoding = 4; lastKnownFileType = sourcecode.c.objc; path = CommonWebViewController.m; sourceTree = "<group>"; };
		CEB1F30D1DFCA9AE006A3402 /* GTMBase64.h */ = {isa = PBXFileReference; fileEncoding = 4; lastKnownFileType = sourcecode.c.h; path = GTMBase64.h; sourceTree = "<group>"; };
		CEB1F30E1DFCA9AE006A3402 /* GTMBase64.m */ = {isa = PBXFileReference; fileEncoding = 4; lastKnownFileType = sourcecode.c.objc; path = GTMBase64.m; sourceTree = "<group>"; };
		CEB1F30F1DFCA9AE006A3402 /* GTMDefines.h */ = {isa = PBXFileReference; fileEncoding = 4; lastKnownFileType = sourcecode.c.h; path = GTMDefines.h; sourceTree = "<group>"; };
		CEB1F3101DFCA9AE006A3402 /* NSData+AES.h */ = {isa = PBXFileReference; fileEncoding = 4; lastKnownFileType = sourcecode.c.h; path = "NSData+AES.h"; sourceTree = "<group>"; };
		CEB1F3111DFCA9AE006A3402 /* NSData+AES.m */ = {isa = PBXFileReference; fileEncoding = 4; lastKnownFileType = sourcecode.c.objc; path = "NSData+AES.m"; sourceTree = "<group>"; };
		CEB1F3121DFCA9AE006A3402 /* NSString+MD5.h */ = {isa = PBXFileReference; fileEncoding = 4; lastKnownFileType = sourcecode.c.h; path = "NSString+MD5.h"; sourceTree = "<group>"; };
		CEB1F3131DFCA9AE006A3402 /* NSString+MD5.m */ = {isa = PBXFileReference; fileEncoding = 4; lastKnownFileType = sourcecode.c.objc; path = "NSString+MD5.m"; sourceTree = "<group>"; };
		CEB1F3141DFCA9AE006A3402 /* SecurityUtil.h */ = {isa = PBXFileReference; fileEncoding = 4; lastKnownFileType = sourcecode.c.h; path = SecurityUtil.h; sourceTree = "<group>"; };
		CEB1F3151DFCA9AE006A3402 /* SecurityUtil.m */ = {isa = PBXFileReference; fileEncoding = 4; lastKnownFileType = sourcecode.c.objc; path = SecurityUtil.m; sourceTree = "<group>"; };
/* End PBXFileReference section */

/* Begin PBXFrameworksBuildPhase section */
		CE2B39761DAE6D1F00B266E1 /* Frameworks */ = {
			isa = PBXFrameworksBuildPhase;
			buildActionMask = 2147483647;
			files = (
				CE8E59481DFC95BC0053E81D /* Security.framework in Frameworks */,
				CE9316631DBBB6DD00A84A91 /* SafariServices.framework in Frameworks */,
				CE9316611DBBB6D700A84A91 /* AddressBook.framework in Frameworks */,
				CE9316451DBB7E6800A84A91 /* OpenGLES.framework in Frameworks */,
				CE9316461DBB7E6800A84A91 /* libz.tbd in Frameworks */,
				CE93164B1DBB7E6800A84A91 /* CoreLocation.framework in Frameworks */,
				7F163D681DFD667E00A34AE9 /* libPaymentsSDK.a in Frameworks */,
				CE9316491DBB7E6800A84A91 /* GLKit.framework in Frameworks */,
				CE9316431DBB7E6800A84A91 /* SystemConfiguration.framework in Frameworks */,
				CE9316481DBB7E6800A84A91 /* ImageIO.framework in Frameworks */,
				CE93164D1DBB7E6800A84A91 /* CoreData.framework in Frameworks */,
				CE9316441DBB7E6800A84A91 /* QuartzCore.framework in Frameworks */,
				CE93164E1DBB7E6800A84A91 /* Accelerate.framework in Frameworks */,
				CE9316421DBB7E6800A84A91 /* UIKit.framework in Frameworks */,
				CE93164A1DBB7E6800A84A91 /* CoreText.framework in Frameworks */,
				CE93164C1DBB7E6800A84A91 /* CoreGraphics.framework in Frameworks */,
				CE9316471DBB7E6800A84A91 /* libc++.tbd in Frameworks */,
			);
			runOnlyForDeploymentPostprocessing = 0;
		};
/* End PBXFrameworksBuildPhase section */

/* Begin PBXGroup section */
		410D4B051DF28B1000FFB0D8 /* View Controller */ = {
			isa = PBXGroup;
			children = (
				4163DB7F1DF5495F00CCACCF /* HomeVC */,
				410D4B0B1DF28B1000FFB0D8 /* Notification VC */,
				CE8E59311DFC06000053E81D /* ContactUs */,
				410D4B0A1DF28B1000FFB0D8 /* My Profile VC */,
				410D4B101DF28B1000FFB0D8 /* Payment VC */,
				410D4B111DF28B1000FFB0D8 /* TakeTest VC */,
				410D4B061DF28B1000FFB0D8 /* AboutExamVC */,
				410D4B071DF28B1000FFB0D8 /* AboutVC */,
				410D4B081DF28B1000FFB0D8 /* Analysis VC */,
				410D4B091DF28B1000FFB0D8 /* ApplicationFormVC */,
				CEB08FF21DF35AD5008A83AB /* CommonWebViewController.h */,
				CEB08FF31DF35AD5008A83AB /* CommonWebViewController.m */,
			);
			path = "View Controller";
			sourceTree = "<group>";
		};
		410D4B061DF28B1000FFB0D8 /* AboutExamVC */ = {
			isa = PBXGroup;
			children = (
				410D4B261DF28DE900FFB0D8 /* AboutExamViewController.h */,
				410D4B271DF28DE900FFB0D8 /* AboutExamViewController.m */,
			);
			path = AboutExamVC;
			sourceTree = "<group>";
		};
		410D4B071DF28B1000FFB0D8 /* AboutVC */ = {
			isa = PBXGroup;
			children = (
				410D4B231DF28D8D00FFB0D8 /* AboutViewController.h */,
				410D4B241DF28D8D00FFB0D8 /* AboutViewController.m */,
			);
			path = AboutVC;
			sourceTree = "<group>";
		};
		410D4B081DF28B1000FFB0D8 /* Analysis VC */ = {
			isa = PBXGroup;
			children = (
				410D4B291DF28E2300FFB0D8 /* AnalysisViewController.h */,
				410D4B2A1DF28E2300FFB0D8 /* AnalysisViewController.m */,
			);
			path = "Analysis VC";
			sourceTree = "<group>";
		};
		410D4B091DF28B1000FFB0D8 /* ApplicationFormVC */ = {
			isa = PBXGroup;
			children = (
				410D4B201DF28CC900FFB0D8 /* ApplicationFormViewController.h */,
				410D4B211DF28CC900FFB0D8 /* ApplicationFormViewController.m */,
			);
			path = ApplicationFormVC;
			sourceTree = "<group>";
		};
		410D4B0A1DF28B1000FFB0D8 /* My Profile VC */ = {
			isa = PBXGroup;
			children = (
				410D4B1A1DF28B5800FFB0D8 /* ProfileViewController.h */,
				410D4B1B1DF28B5800FFB0D8 /* ProfileViewController.m */,
			);
			path = "My Profile VC";
			sourceTree = "<group>";
		};
		410D4B0B1DF28B1000FFB0D8 /* Notification VC */ = {
			isa = PBXGroup;
			children = (
				410D4B0C1DF28B1000FFB0D8 /* NotificationTableViewCell.h */,
				410D4B0D1DF28B1000FFB0D8 /* NotificationTableViewCell.m */,
				410D4B0E1DF28B1000FFB0D8 /* NotificationViewController.h */,
				410D4B0F1DF28B1000FFB0D8 /* NotificationViewController.m */,
			);
			path = "Notification VC";
			sourceTree = "<group>";
		};
		410D4B101DF28B1000FFB0D8 /* Payment VC */ = {
			isa = PBXGroup;
			children = (
				410D4B1D1DF28BFF00FFB0D8 /* PaymentViewController.h */,
				410D4B1E1DF28BFF00FFB0D8 /* PaymentViewController.m */,
			);
			path = "Payment VC";
			sourceTree = "<group>";
		};
		410D4B111DF28B1000FFB0D8 /* TakeTest VC */ = {
			isa = PBXGroup;
			children = (
				410D4B121DF28B1000FFB0D8 /* InstructionTableViewCell.h */,
				410D4B131DF28B1000FFB0D8 /* InstructionTableViewCell.m */,
				410D4B141DF28B1000FFB0D8 /* InstructionViewController.h */,
				410D4B151DF28B1000FFB0D8 /* InstructionViewController.m */,
			);
			path = "TakeTest VC";
			sourceTree = "<group>";
		};
		4163DB7F1DF5495F00CCACCF /* HomeVC */ = {
			isa = PBXGroup;
			children = (
				4163DB801DF5495F00CCACCF /* HomeCollectionViewCell.h */,
				4163DB811DF5495F00CCACCF /* HomeCollectionViewCell.m */,
				4163DB861DF5495F00CCACCF /* HomeViewController.h */,
				4163DB871DF5495F00CCACCF /* HomeViewController.m */,
			);
			path = HomeVC;
			sourceTree = "<group>";
		};
		4163DB8E1DF5497E00CCACCF /* UIViews */ = {
			isa = PBXGroup;
			children = (
				4163DB8F1DF5497E00CCACCF /* Forgot Password */,
			);
			path = UIViews;
			sourceTree = "<group>";
		};
		4163DB8F1DF5497E00CCACCF /* Forgot Password */ = {
			isa = PBXGroup;
			children = (
				4163DB901DF5499100CCACCF /* ForgotPassword.h */,
				4163DB911DF5499100CCACCF /* ForgotPassword.m */,
				4163DB931DF5499E00CCACCF /* ForgotPassword.xib */,
			);
			path = "Forgot Password";
			sourceTree = "<group>";
		};
		4163DBB31DF57A0100CCACCF /* Font */ = {
			isa = PBXGroup;
			children = (
				4163DBB41DF57A0100CCACCF /* OpenSans-Bold.ttf */,
				4163DBB51DF57A0100CCACCF /* OpenSans-Regular.ttf */,
				4163DBB61DF57A0100CCACCF /* OpenSans-Semibold.ttf */,
			);
			path = Font;
			sourceTree = "<group>";
		};
		7F163D611DFD667E00A34AE9 /* PaytmSDK */ = {
			isa = PBXGroup;
			children = (
				7F163D621DFD667E00A34AE9 /* libPaymentsSDK.a */,
				7F163D631DFD667E00A34AE9 /* PaymentsSDK.h */,
				7F163D641DFD667E00A34AE9 /* PGMerchantConfiguration.h */,
				7F163D651DFD667E00A34AE9 /* PGOrder.h */,
				7F163D661DFD667E00A34AE9 /* PGServerEnvironment.h */,
				7F163D671DFD667E00A34AE9 /* PGTransactionViewController.h */,
			);
			path = PaytmSDK;
			sourceTree = "<group>";
		};
		CE0596B51DB65E92001E62A9 /* GUITabPager */ = {
			isa = PBXGroup;
			children = (
				CE0596B61DB65E92001E62A9 /* GUITabPagerViewController.h */,
				CE0596B71DB65E92001E62A9 /* GUITabPagerViewController.m */,
				CE0596B81DB65E92001E62A9 /* GUITabScrollView.h */,
				CE0596B91DB65E92001E62A9 /* GUITabScrollView.m */,
			);
			path = GUITabPager;
			sourceTree = "<group>";
		};
		CE0596BF1DB6654E001E62A9 /* WebServiceHelpers */ = {
			isa = PBXGroup;
			children = (
				CE0596E31DB665D2001E62A9 /* Reachability */,
				CE0596C61DB665B4001E62A9 /* AFNetworking */,
				CE0596C01DB6655E001E62A9 /* FFWebServiceHelper.h */,
				CE0596C11DB6655E001E62A9 /* FFWebServiceHelper.m */,
				CE0596C21DB6655E001E62A9 /* FFModelManager.h */,
				CE0596C31DB6655E001E62A9 /* FFModelManager.m */,
			);
			path = WebServiceHelpers;
			sourceTree = "<group>";
		};
		CE0596C61DB665B4001E62A9 /* AFNetworking */ = {
			isa = PBXGroup;
			children = (
				CE0596C71DB665B4001E62A9 /* AFHTTPRequestOperation.h */,
				CE0596C81DB665B4001E62A9 /* AFHTTPRequestOperation.m */,
				CE0596C91DB665B4001E62A9 /* AFHTTPRequestOperationManager.h */,
				CE0596CA1DB665B4001E62A9 /* AFHTTPRequestOperationManager.m */,
				CE0596CB1DB665B4001E62A9 /* AFHTTPSessionManager.h */,
				CE0596CC1DB665B4001E62A9 /* AFHTTPSessionManager.m */,
				CE0596CD1DB665B4001E62A9 /* AFNetworking.h */,
				CE0596CE1DB665B4001E62A9 /* AFNetworkReachabilityManager.h */,
				CE0596CF1DB665B4001E62A9 /* AFNetworkReachabilityManager.m */,
				CE0596D01DB665B4001E62A9 /* AFSecurityPolicy.h */,
				CE0596D11DB665B5001E62A9 /* AFSecurityPolicy.m */,
				CE0596D21DB665B5001E62A9 /* AFURLConnectionOperation.h */,
				CE0596D31DB665B5001E62A9 /* AFURLConnectionOperation.m */,
				CE0596D41DB665B5001E62A9 /* AFURLRequestSerialization.h */,
				CE0596D51DB665B5001E62A9 /* AFURLRequestSerialization.m */,
				CE0596D61DB665B5001E62A9 /* AFURLResponseSerialization.h */,
				CE0596D71DB665B5001E62A9 /* AFURLResponseSerialization.m */,
				CE0596D81DB665B5001E62A9 /* AFURLSessionManager.h */,
				CE0596D91DB665B5001E62A9 /* AFURLSessionManager.m */,
				CE16DB021DBB6B2D00AB664C /* UIKit+AFNetworking.h */,
				CE16DB001DBB6B2D00AB664C /* UIImageView+AFNetworking.h */,
				CE16DB011DBB6B2D00AB664C /* UIImageView+AFNetworking.m */,
			);
			path = AFNetworking;
			sourceTree = "<group>";
		};
		CE0596E31DB665D2001E62A9 /* Reachability */ = {
			isa = PBXGroup;
			children = (
				CE0596E41DB665D2001E62A9 /* Reachability.h */,
				CE0596E51DB665D2001E62A9 /* Reachability.m */,
			);
			path = Reachability;
			sourceTree = "<group>";
		};
		CE16DAF11DBB405E00AB664C /* Storyboards */ = {
			isa = PBXGroup;
			children = (
				CE2B39851DAE6D1F00B266E1 /* Main.storyboard */,
				CE2B39C71DAE7B7E00B266E1 /* Home.storyboard */,
				CE16DAEF1DBB3D0300AB664C /* LeftMenuScenes.storyboard */,
				B7E8D3CA1DD3AB45001F005C /* Other.storyboard */,
			);
			name = Storyboards;
			sourceTree = "<group>";
		};
		CE16DAF61DBB42FD00AB664C /* Classes */ = {
			isa = PBXGroup;
			children = (
				CE16DAF71DBB42FD00AB664C /* TSBlurView.h */,
				CE16DAF81DBB42FD00AB664C /* TSBlurView.m */,
				CE16DAF91DBB42FD00AB664C /* TSMessage.h */,
				CE16DAFA1DBB42FD00AB664C /* TSMessage.m */,
				CE16DAFB1DBB42FD00AB664C /* TSMessageView.h */,
				CE16DAFC1DBB42FD00AB664C /* TSMessageView.m */,
			);
			path = Classes;
			sourceTree = "<group>";
		};
		CE2B39701DAE6D1F00B266E1 = {
			isa = PBXGroup;
			children = (
				7F163D611DFD667E00A34AE9 /* PaytmSDK */,
				CEB1F30B1DFCA9AE006A3402 /* Security */,
				CE8E59351DFC8F020053E81D /* Encryption Utility */,
				CE2B39CF1DAE7FCB00B266E1 /* Categories */,
				CE2B39B01DAE71CC00B266E1 /* TPKeyboardAvoiding */,
				CE2B39F31DAE812A00B266E1 /* TSMessages */,
				CE2B39931DAE6F2D00B266E1 /* ActionSheetPicker */,
				CE2B399A1DAE6F2D00B266E1 /* MBProgressHUD */,
				CE2B399D1DAE6F2D00B266E1 /* RESideMenu */,
				CE0596B51DB65E92001E62A9 /* GUITabPager */,
				CE2B397B1DAE6D1F00B266E1 /* ICAI */,
				CE2B397A1DAE6D1F00B266E1 /* Products */,
				CE93165F1DBBB6D700A84A91 /* Frameworks */,
			);
			sourceTree = "<group>";
		};
		CE2B397A1DAE6D1F00B266E1 /* Products */ = {
			isa = PBXGroup;
			children = (
				CE2B39791DAE6D1F00B266E1 /* ICAI.app */,
			);
			name = Products;
			sourceTree = "<group>";
		};
		CE2B397B1DAE6D1F00B266E1 /* ICAI */ = {
			isa = PBXGroup;
			children = (
				4163DBB31DF57A0100CCACCF /* Font */,
				4163DB8E1DF5497E00CCACCF /* UIViews */,
				CE0596BF1DB6654E001E62A9 /* WebServiceHelpers */,
				CE2B39AC1DAE70DB00B266E1 /* Constants */,
				CE16DAF11DBB405E00AB664C /* Storyboards */,
				CE2B397F1DAE6D1F00B266E1 /* AppDelegate.h */,
				CE2B39801DAE6D1F00B266E1 /* AppDelegate.m */,
				CEC24E8F1DF292B00050B6CA /* LoginNregister */,
				CE2B39C61DAE7B2F00B266E1 /* SideManuPanel */,
				410D4B051DF28B1000FFB0D8 /* View Controller */,
				CE16DAF41DBB426400AB664C /* Assets.xcassets */,
				CE2B398A1DAE6D1F00B266E1 /* LaunchScreen.storyboard */,
				CE2B398D1DAE6D1F00B266E1 /* Info.plist */,
				CE2B397C1DAE6D1F00B266E1 /* Supporting Files */,
			);
			name = ICAI;
			path = Humsafar;
			sourceTree = "<group>";
		};
		CE2B397C1DAE6D1F00B266E1 /* Supporting Files */ = {
			isa = PBXGroup;
			children = (
				CE8D5F511DE9AACF00D4846F /* beep1.mp3 */,
				CE9316661DBBC71B00A84A91 /* Humsafar.entitlements */,
				CE9316351DBB7E6800A84A91 /* UIKit.framework */,
				CE9316361DBB7E6800A84A91 /* SystemConfiguration.framework */,
				CE9316371DBB7E6800A84A91 /* QuartzCore.framework */,
				CE9316381DBB7E6800A84A91 /* OpenGLES.framework */,
				CE9316391DBB7E6800A84A91 /* libz.tbd */,
				CE93163A1DBB7E6800A84A91 /* libc++.tbd */,
				CE93163B1DBB7E6800A84A91 /* ImageIO.framework */,
				CE93163C1DBB7E6800A84A91 /* GLKit.framework */,
				CE93163D1DBB7E6800A84A91 /* CoreText.framework */,
				CE93163E1DBB7E6800A84A91 /* CoreLocation.framework */,
				CE93163F1DBB7E6800A84A91 /* CoreGraphics.framework */,
				CE9316401DBB7E6800A84A91 /* CoreData.framework */,
				CE9316411DBB7E6800A84A91 /* Accelerate.framework */,
				CE16DAF21DBB423500AB664C /* TSMessagesDefaultDesign.json */,
				CE2B39AB1DAE6F6E00B266E1 /* PrefixHeader.pch */,
				CE2B397D1DAE6D1F00B266E1 /* main.m */,
				CE9316641DBBB82400A84A91 /* GoogleService-Info.plist */,
			);
			name = "Supporting Files";
			sourceTree = "<group>";
		};
		CE2B39931DAE6F2D00B266E1 /* ActionSheetPicker */ = {
			isa = PBXGroup;
			children = (
				CE2B39941DAE6F2D00B266E1 /* AbstractActionSheetPicker.h */,
				CE2B39951DAE6F2D00B266E1 /* AbstractActionSheetPicker.m */,
				CE2B39961DAE6F2D00B266E1 /* ActionSheetStringPicker.h */,
				CE2B39971DAE6F2D00B266E1 /* ActionSheetStringPicker.m */,
				CE2B39981DAE6F2D00B266E1 /* SWActionSheet.h */,
				CE2B39991DAE6F2D00B266E1 /* SWActionSheet.m */,
			);
			path = ActionSheetPicker;
			sourceTree = "<group>";
		};
		CE2B399A1DAE6F2D00B266E1 /* MBProgressHUD */ = {
			isa = PBXGroup;
			children = (
				CE2B399B1DAE6F2D00B266E1 /* MBProgressHUD.h */,
				CE2B399C1DAE6F2D00B266E1 /* MBProgressHUD.m */,
			);
			path = MBProgressHUD;
			sourceTree = "<group>";
		};
		CE2B399D1DAE6F2D00B266E1 /* RESideMenu */ = {
			isa = PBXGroup;
			children = (
				CE2B399E1DAE6F2D00B266E1 /* RECommonFunctions.h */,
				CE2B399F1DAE6F2D00B266E1 /* RECommonFunctions.m */,
				CE2B39A01DAE6F2D00B266E1 /* RESideMenu.h */,
				CE2B39A11DAE6F2D00B266E1 /* RESideMenu.m */,
				CE2B39A21DAE6F2D00B266E1 /* UIViewController+RESideMenu.h */,
				CE2B39A31DAE6F2D00B266E1 /* UIViewController+RESideMenu.m */,
			);
			path = RESideMenu;
			sourceTree = "<group>";
		};
		CE2B39AC1DAE70DB00B266E1 /* Constants */ = {
			isa = PBXGroup;
			children = (
				CE2B39AE1DAE70DB00B266E1 /* FFConstant.h */,
				CE2B39AF1DAE70DB00B266E1 /* FFurls.h */,
			);
			path = Constants;
			sourceTree = "<group>";
		};
		CE2B39B01DAE71CC00B266E1 /* TPKeyboardAvoiding */ = {
			isa = PBXGroup;
			children = (
				CE2B39B11DAE71CC00B266E1 /* TPKeyboardAvoidingCollectionView.h */,
				CE2B39B21DAE71CC00B266E1 /* TPKeyboardAvoidingCollectionView.m */,
				CE2B39B31DAE71CC00B266E1 /* TPKeyboardAvoidingScrollView.h */,
				CE2B39B41DAE71CC00B266E1 /* TPKeyboardAvoidingScrollView.m */,
				CE2B39B51DAE71CC00B266E1 /* TPKeyboardAvoidingTableView.h */,
				CE2B39B61DAE71CC00B266E1 /* TPKeyboardAvoidingTableView.m */,
				CE2B39B71DAE71CC00B266E1 /* UIScrollView+TPKeyboardAvoidingAdditions.h */,
				CE2B39B81DAE71CC00B266E1 /* UIScrollView+TPKeyboardAvoidingAdditions.m */,
			);
			path = TPKeyboardAvoiding;
			sourceTree = "<group>";
		};
		CE2B39C61DAE7B2F00B266E1 /* SideManuPanel */ = {
			isa = PBXGroup;
			children = (
				CE2B39CC1DAE7D2C00B266E1 /* RootViewController.h */,
				CE2B39CD1DAE7D2C00B266E1 /* RootViewController.m */,
				CE2B39C91DAE7BF300B266E1 /* FFLeftMenuViewController.h */,
				CE2B39CA1DAE7BF300B266E1 /* FFLeftMenuViewController.m */,
			);
			path = SideManuPanel;
			sourceTree = "<group>";
		};
		CE2B39CF1DAE7FCB00B266E1 /* Categories */ = {
			isa = PBXGroup;
			children = (
				CE2B39D01DAE7FCB00B266E1 /* CLLocationManager-blocks */,
				CE2B39D51DAE7FCB00B266E1 /* NSString+device.h */,
				CE2B39D61DAE7FCB00B266E1 /* NSString+device.m */,
				CE2B39D71DAE7FCB00B266E1 /* UIColor+FF.h */,
				CE2B39D81DAE7FCB00B266E1 /* UIColor+FF.m */,
				CE2B39D91DAE7FCB00B266E1 /* UIFont+FF.h */,
				CE2B39DA1DAE7FCB00B266E1 /* UIFont+FF.m */,
				CE2B39DB1DAE7FCB00B266E1 /* UIImage+Scale.h */,
				CE2B39DC1DAE7FCB00B266E1 /* UIImage+Scale.m */,
				CE2B39DF1DAE7FCB00B266E1 /* UINavigationItem+FF.h */,
				CE2B39E01DAE7FCB00B266E1 /* UINavigationItem+FF.m */,
				CE2B39E21DAE7FCB00B266E1 /* UIView+FF.h */,
				CE2B39E31DAE7FCB00B266E1 /* UIView+FF.m */,
				CE2B39E41DAE7FCB00B266E1 /* UIViewController+Utility.h */,
				CE2B39E51DAE7FCB00B266E1 /* UIViewController+Utility.m */,
				CE16DAE21DBA022400AB664C /* UITextField+Validation.h */,
				CE16DAE31DBA022400AB664C /* UITextField+Validation.m */,
				CE16DAE51DBA028400AB664C /* FFValidationResult.h */,
				CE16DAE81DBA043500AB664C /* FFValidationResult.m */,
			);
			path = Categories;
			sourceTree = "<group>";
		};
		CE2B39D01DAE7FCB00B266E1 /* CLLocationManager-blocks */ = {
			isa = PBXGroup;
			children = (
				CE2B39D11DAE7FCB00B266E1 /* CLLocationManager+blocks.h */,
				CE2B39D21DAE7FCB00B266E1 /* CLLocationManager+blocks.m */,
			);
			path = "CLLocationManager-blocks";
			sourceTree = "<group>";
		};
		CE2B39F31DAE812A00B266E1 /* TSMessages */ = {
			isa = PBXGroup;
			children = (
				CE16DAF61DBB42FD00AB664C /* Classes */,
				CE2B3A261DAE823D00B266E1 /* HexColors */,
			);
			path = TSMessages;
			sourceTree = "<group>";
		};
		CE2B3A261DAE823D00B266E1 /* HexColors */ = {
			isa = PBXGroup;
			children = (
				CE2B3A271DAE823D00B266E1 /* Classes */,
			);
			path = HexColors;
			sourceTree = "<group>";
		};
		CE2B3A271DAE823D00B266E1 /* Classes */ = {
			isa = PBXGroup;
			children = (
				CE2B3A281DAE823D00B266E1 /* HexColor.h */,
				CE2B3A291DAE823D00B266E1 /* HexColor.m */,
			);
			path = Classes;
			sourceTree = "<group>";
		};
		CE8E59311DFC06000053E81D /* ContactUs */ = {
			isa = PBXGroup;
			children = (
				CE8E59321DFC06510053E81D /* ContactUsViewController.h */,
				CE8E59331DFC06510053E81D /* ContactUsViewController.m */,
			);
			name = ContactUs;
			sourceTree = "<group>";
		};
		CE8E59351DFC8F020053E81D /* Encryption Utility */ = {
			isa = PBXGroup;
			children = (
				CE8E59381DFC8F020053E81D /* NSData+Base64.h */,
				CE8E59391DFC8F020053E81D /* NSData+Base64.m */,
				CE8E593E1DFC8F020053E81D /* SecurityUtility.h */,
				CE8E593F1DFC8F020053E81D /* SecurityUtility.m */,
				CE8E59491DFCA5C40053E81D /* NSData+AES.h */,
				CE8E594A1DFCA5C40053E81D /* NSData+AES.m */,
			);
			path = "Encryption Utility";
			sourceTree = "<group>";
		};
		CE93165F1DBBB6D700A84A91 /* Frameworks */ = {
			isa = PBXGroup;
			children = (
				CE8E59471DFC95BC0053E81D /* Security.framework */,
				CE9316621DBBB6DD00A84A91 /* SafariServices.framework */,
				CE9316601DBBB6D700A84A91 /* AddressBook.framework */,
			);
			name = Frameworks;
			sourceTree = "<group>";
		};
		CEB1F30B1DFCA9AE006A3402 /* Security */ = {
			isa = PBXGroup;
			children = (
				CEB1F30C1DFCA9AE006A3402 /* GTMBase64 */,
				CEB1F3101DFCA9AE006A3402 /* NSData+AES.h */,
				CEB1F3111DFCA9AE006A3402 /* NSData+AES.m */,
				CEB1F3121DFCA9AE006A3402 /* NSString+MD5.h */,
				CEB1F3131DFCA9AE006A3402 /* NSString+MD5.m */,
				CEB1F3141DFCA9AE006A3402 /* SecurityUtil.h */,
				CEB1F3151DFCA9AE006A3402 /* SecurityUtil.m */,
			);
			path = Security;
			sourceTree = "<group>";
		};
		CEB1F30C1DFCA9AE006A3402 /* GTMBase64 */ = {
			isa = PBXGroup;
			children = (
				CEB1F30D1DFCA9AE006A3402 /* GTMBase64.h */,
				CEB1F30E1DFCA9AE006A3402 /* GTMBase64.m */,
				CEB1F30F1DFCA9AE006A3402 /* GTMDefines.h */,
			);
			path = GTMBase64;
			sourceTree = "<group>";
		};
		CEC24E8F1DF292B00050B6CA /* LoginNregister */ = {
			isa = PBXGroup;
			children = (
				CE2B39BD1DAE72AB00B266E1 /* LoginViewController.h */,
				CE2B39BE1DAE72AB00B266E1 /* LoginViewController.m */,
				CE2B39C01DAE736B00B266E1 /* RegisterViewController.h */,
				CE2B39C11DAE736B00B266E1 /* RegisterViewController.m */,
				CE9316671DBC0B7200A84A91 /* OTPViewController.h */,
				CE9316681DBC0B7200A84A91 /* OTPViewController.m */,
			);
			name = LoginNregister;
			sourceTree = "<group>";
		};
/* End PBXGroup section */

/* Begin PBXNativeTarget section */
		CE2B39781DAE6D1F00B266E1 /* ICAI */ = {
			isa = PBXNativeTarget;
			buildConfigurationList = CE2B39901DAE6D1F00B266E1 /* Build configuration list for PBXNativeTarget "ICAI" */;
			buildPhases = (
				CE2B39751DAE6D1F00B266E1 /* Sources */,
				CE2B39761DAE6D1F00B266E1 /* Frameworks */,
				CE2B39771DAE6D1F00B266E1 /* Resources */,
			);
			buildRules = (
			);
			dependencies = (
			);
			name = ICAI;
			productName = Humsafar;
			productReference = CE2B39791DAE6D1F00B266E1 /* ICAI.app */;
			productType = "com.apple.product-type.application";
		};
/* End PBXNativeTarget section */

/* Begin PBXProject section */
		CE2B39711DAE6D1F00B266E1 /* Project object */ = {
			isa = PBXProject;
			attributes = {
				LastUpgradeCheck = 0810;
				ORGANIZATIONNAME = mobiquel;
				TargetAttributes = {
					CE2B39781DAE6D1F00B266E1 = {
						CreatedOnToolsVersion = 8.0;
						DevelopmentTeam = CT4G76434G;
						ProvisioningStyle = Automatic;
						SystemCapabilities = {
							com.apple.Keychain = {
								enabled = 1;
							};
							com.apple.Push = {
								enabled = 0;
							};
						};
					};
				};
			};
			buildConfigurationList = CE2B39741DAE6D1F00B266E1 /* Build configuration list for PBXProject "ICAI" */;
			compatibilityVersion = "Xcode 3.2";
			developmentRegion = English;
			hasScannedForEncodings = 0;
			knownRegions = (
				en,
				Base,
			);
			mainGroup = CE2B39701DAE6D1F00B266E1;
			productRefGroup = CE2B397A1DAE6D1F00B266E1 /* Products */;
			projectDirPath = "";
			projectRoot = "";
			targets = (
				CE2B39781DAE6D1F00B266E1 /* ICAI */,
			);
		};
/* End PBXProject section */

/* Begin PBXResourcesBuildPhase section */
		CE2B39771DAE6D1F00B266E1 /* Resources */ = {
			isa = PBXResourcesBuildPhase;
			buildActionMask = 2147483647;
			files = (
				4163DBB71DF57A0100CCACCF /* OpenSans-Bold.ttf in Resources */,
				CE16DAF51DBB426400AB664C /* Assets.xcassets in Resources */,
				CE2B398C1DAE6D1F00B266E1 /* LaunchScreen.storyboard in Resources */,
				4163DBB91DF57A0100CCACCF /* OpenSans-Semibold.ttf in Resources */,
				B7E8D3CB1DD3AB45001F005C /* Other.storyboard in Resources */,
				CE2B39871DAE6D1F00B266E1 /* Main.storyboard in Resources */,
				CE16DAF31DBB423500AB664C /* TSMessagesDefaultDesign.json in Resources */,
				CE8D5F521DE9AACF00D4846F /* beep1.mp3 in Resources */,
				CE9316651DBBB82400A84A91 /* GoogleService-Info.plist in Resources */,
				4163DB941DF5499E00CCACCF /* ForgotPassword.xib in Resources */,
				CE2B39C81DAE7B7E00B266E1 /* Home.storyboard in Resources */,
				4163DBB81DF57A0100CCACCF /* OpenSans-Regular.ttf in Resources */,
				CE16DAF01DBB3D0300AB664C /* LeftMenuScenes.storyboard in Resources */,
			);
			runOnlyForDeploymentPostprocessing = 0;
		};
/* End PBXResourcesBuildPhase section */

/* Begin PBXSourcesBuildPhase section */
		CE2B39751DAE6D1F00B266E1 /* Sources */ = {
			isa = PBXSourcesBuildPhase;
			buildActionMask = 2147483647;
			files = (
				CE0596DF1DB665B5001E62A9 /* AFURLConnectionOperation.m in Sources */,
				CE0596DA1DB665B5001E62A9 /* AFHTTPRequestOperation.m in Sources */,
				CE2B39E71DAE7FCB00B266E1 /* CLLocationManager+blocks.m in Sources */,
				CE2B39EB1DAE7FCB00B266E1 /* UIFont+FF.m in Sources */,
				CE8E59441DFC8F020053E81D /* SecurityUtility.m in Sources */,
				4163DB8B1DF5495F00CCACCF /* HomeViewController.m in Sources */,
				410D4B171DF28B1000FFB0D8 /* NotificationViewController.m in Sources */,
				410D4B251DF28D8D00FFB0D8 /* AboutViewController.m in Sources */,
				410D4B161DF28B1000FFB0D8 /* NotificationTableViewCell.m in Sources */,
				410D4B191DF28B1000FFB0D8 /* InstructionViewController.m in Sources */,
				CE2B39E91DAE7FCB00B266E1 /* NSString+device.m in Sources */,
				CE2B39CE1DAE7D2C00B266E1 /* RootViewController.m in Sources */,
				CE2B39EA1DAE7FCB00B266E1 /* UIColor+FF.m in Sources */,
				CEB1F3161DFCA9AE006A3402 /* GTMBase64.m in Sources */,
				CE0596E61DB665D2001E62A9 /* Reachability.m in Sources */,
				CE2B39A51DAE6F2D00B266E1 /* ActionSheetStringPicker.m in Sources */,
				CE0596DD1DB665B5001E62A9 /* AFNetworkReachabilityManager.m in Sources */,
				CE0596DE1DB665B5001E62A9 /* AFSecurityPolicy.m in Sources */,
				CEB08FF41DF35AD5008A83AB /* CommonWebViewController.m in Sources */,
				CE2B3A2C1DAE823D00B266E1 /* HexColor.m in Sources */,
				CE2B39811DAE6D1F00B266E1 /* AppDelegate.m in Sources */,
				CE2B39BC1DAE71CC00B266E1 /* UIScrollView+TPKeyboardAvoidingAdditions.m in Sources */,
				CE8E59341DFC06510053E81D /* ContactUsViewController.m in Sources */,
				CE8E59411DFC8F020053E81D /* NSData+Base64.m in Sources */,
				CE2B397E1DAE6D1F00B266E1 /* main.m in Sources */,
				CE2B39B91DAE71CC00B266E1 /* TPKeyboardAvoidingCollectionView.m in Sources */,
				CE0596BA1DB65E92001E62A9 /* GUITabPagerViewController.m in Sources */,
				410D4B281DF28DE900FFB0D8 /* AboutExamViewController.m in Sources */,
				410D4B1C1DF28B5800FFB0D8 /* ProfileViewController.m in Sources */,
				CE0596E11DB665B5001E62A9 /* AFURLResponseSerialization.m in Sources */,
				CE2B39BB1DAE71CC00B266E1 /* TPKeyboardAvoidingTableView.m in Sources */,
				CE2B39C21DAE736B00B266E1 /* RegisterViewController.m in Sources */,
				CEB1F3171DFCA9AE006A3402 /* NSData+AES.m in Sources */,
				CE16DAE91DBA043500AB664C /* FFValidationResult.m in Sources */,
				410D4B2B1DF28E2300FFB0D8 /* AnalysisViewController.m in Sources */,
				CE16DB031DBB6B2D00AB664C /* UIImageView+AFNetworking.m in Sources */,
				CE0596DB1DB665B5001E62A9 /* AFHTTPRequestOperationManager.m in Sources */,
				CE2B39A41DAE6F2D00B266E1 /* AbstractActionSheetPicker.m in Sources */,
				CEB1F3181DFCA9AE006A3402 /* NSString+MD5.m in Sources */,
				CE0596E01DB665B5001E62A9 /* AFURLRequestSerialization.m in Sources */,
				CE2B39A61DAE6F2D00B266E1 /* SWActionSheet.m in Sources */,
				CE16DAE41DBA022400AB664C /* UITextField+Validation.m in Sources */,
				CE2B39A71DAE6F2D00B266E1 /* MBProgressHUD.m in Sources */,
				CE2B39CB1DAE7BF300B266E1 /* FFLeftMenuViewController.m in Sources */,
				CE2B39AA1DAE6F2D00B266E1 /* UIViewController+RESideMenu.m in Sources */,
				CE2B39BA1DAE71CC00B266E1 /* TPKeyboardAvoidingScrollView.m in Sources */,
				CE0596C51DB6655E001E62A9 /* FFModelManager.m in Sources */,
				CE9316691DBC0B7200A84A91 /* OTPViewController.m in Sources */,
				CE2B39EC1DAE7FCB00B266E1 /* UIImage+Scale.m in Sources */,
				CE2B39F01DAE7FCB00B266E1 /* UIView+FF.m in Sources */,
				CE16DAFE1DBB42FD00AB664C /* TSMessage.m in Sources */,
				4163DB921DF5499100CCACCF /* ForgotPassword.m in Sources */,
				410D4B1F1DF28BFF00FFB0D8 /* PaymentViewController.m in Sources */,
				CE8E594B1DFCA5C40053E81D /* NSData+AES.m in Sources */,
				CE16DAFF1DBB42FD00AB664C /* TSMessageView.m in Sources */,
				410D4B221DF28CC900FFB0D8 /* ApplicationFormViewController.m in Sources */,
				CE0596BB1DB65E92001E62A9 /* GUITabScrollView.m in Sources */,
				410D4B181DF28B1000FFB0D8 /* InstructionTableViewCell.m in Sources */,
				CE0596E21DB665B5001E62A9 /* AFURLSessionManager.m in Sources */,
				CE0596DC1DB665B5001E62A9 /* AFHTTPSessionManager.m in Sources */,
				CE2B39A91DAE6F2D00B266E1 /* RESideMenu.m in Sources */,
				CEB1F3191DFCA9AE006A3402 /* SecurityUtil.m in Sources */,
				CE2B39A81DAE6F2D00B266E1 /* RECommonFunctions.m in Sources */,
				CE2B39BF1DAE72AB00B266E1 /* LoginViewController.m in Sources */,
				CE2B39F11DAE7FCB00B266E1 /* UIViewController+Utility.m in Sources */,
				CE0596C41DB6655E001E62A9 /* FFWebServiceHelper.m in Sources */,
				CE16DAFD1DBB42FD00AB664C /* TSBlurView.m in Sources */,
				CE2B39EE1DAE7FCB00B266E1 /* UINavigationItem+FF.m in Sources */,
				4163DB881DF5495F00CCACCF /* HomeCollectionViewCell.m in Sources */,
			);
			runOnlyForDeploymentPostprocessing = 0;
		};
/* End PBXSourcesBuildPhase section */

/* Begin PBXVariantGroup section */
		CE2B39851DAE6D1F00B266E1 /* Main.storyboard */ = {
			isa = PBXVariantGroup;
			children = (
				CE2B39861DAE6D1F00B266E1 /* Base */,
			);
			name = Main.storyboard;
			sourceTree = "<group>";
		};
		CE2B398A1DAE6D1F00B266E1 /* LaunchScreen.storyboard */ = {
			isa = PBXVariantGroup;
			children = (
				CE2B398B1DAE6D1F00B266E1 /* Base */,
			);
			name = LaunchScreen.storyboard;
			sourceTree = "<group>";
		};
/* End PBXVariantGroup section */

/* Begin XCBuildConfiguration section */
		CE2B398E1DAE6D1F00B266E1 /* Debug */ = {
			isa = XCBuildConfiguration;
			buildSettings = {
				ALWAYS_SEARCH_USER_PATHS = NO;
				CLANG_ANALYZER_NONNULL = YES;
				CLANG_CXX_LANGUAGE_STANDARD = "gnu++0x";
				CLANG_CXX_LIBRARY = "libc++";
				CLANG_ENABLE_MODULES = YES;
				CLANG_ENABLE_OBJC_ARC = YES;
				CLANG_WARN_BOOL_CONVERSION = YES;
				CLANG_WARN_CONSTANT_CONVERSION = YES;
				CLANG_WARN_DIRECT_OBJC_ISA_USAGE = YES_ERROR;
				CLANG_WARN_DOCUMENTATION_COMMENTS = YES;
				CLANG_WARN_EMPTY_BODY = YES;
				CLANG_WARN_ENUM_CONVERSION = YES;
				CLANG_WARN_INFINITE_RECURSION = YES;
				CLANG_WARN_INT_CONVERSION = YES;
				CLANG_WARN_OBJC_ROOT_CLASS = YES_ERROR;
				CLANG_WARN_SUSPICIOUS_MOVE = YES;
				CLANG_WARN_SUSPICIOUS_MOVES = YES;
				CLANG_WARN_UNREACHABLE_CODE = YES;
				CLANG_WARN__DUPLICATE_METHOD_MATCH = YES;
				CODE_SIGN_IDENTITY = "iPhone Developer: Himanshu Yadav (4YZ4V7E3TV)";
				"CODE_SIGN_IDENTITY[sdk=iphoneos*]" = "iPhone Developer: Himanshu Yadav (4YZ4V7E3TV)";
				COPY_PHASE_STRIP = NO;
				DEBUG_INFORMATION_FORMAT = dwarf;
				DEVELOPMENT_TEAM = EB65EREWYN;
				ENABLE_STRICT_OBJC_MSGSEND = YES;
				ENABLE_TESTABILITY = YES;
				GCC_C_LANGUAGE_STANDARD = gnu99;
				GCC_DYNAMIC_NO_PIC = NO;
				GCC_NO_COMMON_BLOCKS = YES;
				GCC_OPTIMIZATION_LEVEL = 0;
				GCC_PREPROCESSOR_DEFINITIONS = (
					"DEBUG=1",
					"$(inherited)",
				);
				GCC_WARN_64_TO_32_BIT_CONVERSION = YES;
				GCC_WARN_ABOUT_RETURN_TYPE = YES_ERROR;
				GCC_WARN_UNDECLARED_SELECTOR = YES;
				GCC_WARN_UNINITIALIZED_AUTOS = YES_AGGRESSIVE;
				GCC_WARN_UNUSED_FUNCTION = YES;
				GCC_WARN_UNUSED_VARIABLE = YES;
				IPHONEOS_DEPLOYMENT_TARGET = 10.0;
				MTL_ENABLE_DEBUG_INFO = YES;
				ONLY_ACTIVE_ARCH = YES;
				OTHER_LDFLAGS = "-ObjC";
				SDKROOT = iphoneos;
			};
			name = Debug;
		};
		CE2B398F1DAE6D1F00B266E1 /* Release */ = {
			isa = XCBuildConfiguration;
			buildSettings = {
				ALWAYS_SEARCH_USER_PATHS = NO;
				CLANG_ANALYZER_NONNULL = YES;
				CLANG_CXX_LANGUAGE_STANDARD = "gnu++0x";
				CLANG_CXX_LIBRARY = "libc++";
				CLANG_ENABLE_MODULES = YES;
				CLANG_ENABLE_OBJC_ARC = YES;
				CLANG_WARN_BOOL_CONVERSION = YES;
				CLANG_WARN_CONSTANT_CONVERSION = YES;
				CLANG_WARN_DIRECT_OBJC_ISA_USAGE = YES_ERROR;
				CLANG_WARN_DOCUMENTATION_COMMENTS = YES;
				CLANG_WARN_EMPTY_BODY = YES;
				CLANG_WARN_ENUM_CONVERSION = YES;
				CLANG_WARN_INFINITE_RECURSION = YES;
				CLANG_WARN_INT_CONVERSION = YES;
				CLANG_WARN_OBJC_ROOT_CLASS = YES_ERROR;
				CLANG_WARN_SUSPICIOUS_MOVE = YES;
				CLANG_WARN_SUSPICIOUS_MOVES = YES;
				CLANG_WARN_UNREACHABLE_CODE = YES;
				CLANG_WARN__DUPLICATE_METHOD_MATCH = YES;
				CODE_SIGN_IDENTITY = "iPhone Developer: Himanshu Yadav (4YZ4V7E3TV)";
				"CODE_SIGN_IDENTITY[sdk=iphoneos*]" = "iPhone Developer: Himanshu Yadav (4YZ4V7E3TV)";
				COPY_PHASE_STRIP = NO;
				DEBUG_INFORMATION_FORMAT = "dwarf-with-dsym";
				DEVELOPMENT_TEAM = EB65EREWYN;
				ENABLE_NS_ASSERTIONS = NO;
				ENABLE_STRICT_OBJC_MSGSEND = YES;
				GCC_C_LANGUAGE_STANDARD = gnu99;
				GCC_NO_COMMON_BLOCKS = YES;
				GCC_WARN_64_TO_32_BIT_CONVERSION = YES;
				GCC_WARN_ABOUT_RETURN_TYPE = YES_ERROR;
				GCC_WARN_UNDECLARED_SELECTOR = YES;
				GCC_WARN_UNINITIALIZED_AUTOS = YES_AGGRESSIVE;
				GCC_WARN_UNUSED_FUNCTION = YES;
				GCC_WARN_UNUSED_VARIABLE = YES;
				IPHONEOS_DEPLOYMENT_TARGET = 10.0;
				MTL_ENABLE_DEBUG_INFO = NO;
				OTHER_LDFLAGS = "-ObjC";
				SDKROOT = iphoneos;
				VALIDATE_PRODUCT = YES;
			};
			name = Release;
		};
		CE2B39911DAE6D1F00B266E1 /* Debug */ = {
			isa = XCBuildConfiguration;
			buildSettings = {
				ASSETCATALOG_COMPILER_APPICON_NAME = AppIcon;
				CODE_SIGN_ENTITLEMENTS = Humsafar/Humsafar.entitlements;
				CODE_SIGN_IDENTITY = "iPhone Developer: Himanshu Yadav (4YZ4V7E3TV)";
				"CODE_SIGN_IDENTITY[sdk=iphoneos*]" = "iPhone Developer";
				DEVELOPMENT_TEAM = CT4G76434G;
				FRAMEWORK_SEARCH_PATHS = (
					"$(inherited)",
					"$(PROJECT_DIR)/Humsafar",
					"$(PROJECT_DIR)",
				);
				GCC_PREFIX_HEADER = Humsafar/PrefixHeader.pch;
				INFOPLIST_FILE = Humsafar/Info.plist;
				LD_RUNPATH_SEARCH_PATHS = "$(inherited) @executable_path/Frameworks";
				LIBRARY_SEARCH_PATHS = (
					"$(inherited)",
					"$(PROJECT_DIR)/PaytmSDK",
				);
				PRODUCT_BUNDLE_IDENTIFIER = com.test.humsafar;
				PRODUCT_NAME = "$(TARGET_NAME)";
				PROVISIONING_PROFILE = "";
				PROVISIONING_PROFILE_SPECIFIER = "";
			};
			name = Debug;
		};
		CE2B39921DAE6D1F00B266E1 /* Release */ = {
			isa = XCBuildConfiguration;
			buildSettings = {
				ASSETCATALOG_COMPILER_APPICON_NAME = AppIcon;
				CODE_SIGN_ENTITLEMENTS = Humsafar/Humsafar.entitlements;
				CODE_SIGN_IDENTITY = "iPhone Developer: Himanshu Yadav (4YZ4V7E3TV)";
				"CODE_SIGN_IDENTITY[sdk=iphoneos*]" = "iPhone Developer";
				DEVELOPMENT_TEAM = CT4G76434G;
				FRAMEWORK_SEARCH_PATHS = (
					"$(inherited)",
					"$(PROJECT_DIR)/Humsafar",
					"$(PROJECT_DIR)",
				);
				GCC_PREFIX_HEADER = Humsafar/PrefixHeader.pch;
				INFOPLIST_FILE = Humsafar/Info.plist;
				LD_RUNPATH_SEARCH_PATHS = "$(inherited) @executable_path/Frameworks";
				LIBRARY_SEARCH_PATHS = (
					"$(inherited)",
					"$(PROJECT_DIR)/PaytmSDK",
				);
				PRODUCT_BUNDLE_IDENTIFIER = com.test.humsafar;
				PRODUCT_NAME = "$(TARGET_NAME)";
				PROVISIONING_PROFILE = "";
				PROVISIONING_PROFILE_SPECIFIER = "";
			};
			name = Release;
		};
/* End XCBuildConfiguration section */

/* Begin XCConfigurationList section */
		CE2B39741DAE6D1F00B266E1 /* Build configuration list for PBXProject "ICAI" */ = {
			isa = XCConfigurationList;
			buildConfigurations = (
				CE2B398E1DAE6D1F00B266E1 /* Debug */,
				CE2B398F1DAE6D1F00B266E1 /* Release */,
			);
			defaultConfigurationIsVisible = 0;
			defaultConfigurationName = Release;
		};
		CE2B39901DAE6D1F00B266E1 /* Build configuration list for PBXNativeTarget "ICAI" */ = {
			isa = XCConfigurationList;
			buildConfigurations = (
				CE2B39911DAE6D1F00B266E1 /* Debug */,
				CE2B39921DAE6D1F00B266E1 /* Release */,
			);
			defaultConfigurationIsVisible = 0;
			defaultConfigurationName = Release;
		};
/* End XCConfigurationList section */
	};
	rootObject = CE2B39711DAE6D1F00B266E1 /* Project object */;
}
